// !$*UTF8*$!
{
	archiveVersion = 1;
	classes = {
	};
	objectVersion = 55;
	objects = {

/* Begin PBXBuildFile section */
		4613842027B03B7300837EBC /* AppDelegate.swift in Sources */ = {isa = PBXBuildFile; fileRef = 4613841F27B03B7300837EBC /* AppDelegate.swift */; };
		4613842927B03B8500837EBC /* Assets.xcassets in Resources */ = {isa = PBXBuildFile; fileRef = 4613842827B03B8500837EBC /* Assets.xcassets */; };
		4613842C27B03B8500837EBC /* LaunchScreen.storyboard in Resources */ = {isa = PBXBuildFile; fileRef = 4613842A27B03B8500837EBC /* LaunchScreen.storyboard */; };
		4613843827B03E8100837EBC /* BaseVIPER.swift in Sources */ = {isa = PBXBuildFile; fileRef = 4613843727B03E8100837EBC /* BaseVIPER.swift */; };
		4613843D27B0419F00837EBC /* SplashViewController.swift in Sources */ = {isa = PBXBuildFile; fileRef = 4613843B27B0419F00837EBC /* SplashViewController.swift */; };
		4613843E27B0419F00837EBC /* SplashViewController.xib in Resources */ = {isa = PBXBuildFile; fileRef = 4613843C27B0419F00837EBC /* SplashViewController.xib */; };
		4613844027B0420C00837EBC /* SplashPresenter.swift in Sources */ = {isa = PBXBuildFile; fileRef = 4613843F27B0420C00837EBC /* SplashPresenter.swift */; };
		4613844427B043FF00837EBC /* SplashInteractor.swift in Sources */ = {isa = PBXBuildFile; fileRef = 4613844327B043FF00837EBC /* SplashInteractor.swift */; };
		4613844627B0441000837EBC /* SplashRouter.swift in Sources */ = {isa = PBXBuildFile; fileRef = 4613844527B0441000837EBC /* SplashRouter.swift */; };
		4613844827B048AC00837EBC /* SplashCoordinator.swift in Sources */ = {isa = PBXBuildFile; fileRef = 4613844727B048AC00837EBC /* SplashCoordinator.swift */; };
		4613844A27B04C0700837EBC /* AppCoreCoordinator.swift in Sources */ = {isa = PBXBuildFile; fileRef = 4613844927B04C0700837EBC /* AppCoreCoordinator.swift */; };
		4613844E27B04CB500837EBC /* NetworkError.swift in Sources */ = {isa = PBXBuildFile; fileRef = 4613844D27B04CB500837EBC /* NetworkError.swift */; };
		4613845027B04CC300837EBC /* NetworkService.swift in Sources */ = {isa = PBXBuildFile; fileRef = 4613844F27B04CC300837EBC /* NetworkService.swift */; };
		4613845227B04CD700837EBC /* Utils.swift in Sources */ = {isa = PBXBuildFile; fileRef = 4613845127B04CD700837EBC /* Utils.swift */; };
		4613845427B05E2400837EBC /* SplashProvider.swift in Sources */ = {isa = PBXBuildFile; fileRef = 4613845327B05E2400837EBC /* SplashProvider.swift */; };
		4613845727B2D77900837EBC /* MusicServerModel.swift in Sources */ = {isa = PBXBuildFile; fileRef = 4613845627B2D77900837EBC /* MusicServerModel.swift */; };
		4613848F27B4244900837EBC /* TestViewController.xib in Resources */ = {isa = PBXBuildFile; fileRef = 4613848827B4244900837EBC /* TestViewController.xib */; };
		4613849027B4244900837EBC /* TestViewController.swift in Sources */ = {isa = PBXBuildFile; fileRef = 4613848927B4244900837EBC /* TestViewController.swift */; };
		4613849127B4244900837EBC /* TestRouter.swift in Sources */ = {isa = PBXBuildFile; fileRef = 4613848A27B4244900837EBC /* TestRouter.swift */; };
		4613849227B4244900837EBC /* TestProvider.swift in Sources */ = {isa = PBXBuildFile; fileRef = 4613848B27B4244900837EBC /* TestProvider.swift */; };
		4613849327B4244900837EBC /* TestCoordinator.swift in Sources */ = {isa = PBXBuildFile; fileRef = 4613848C27B4244900837EBC /* TestCoordinator.swift */; };
		4613849427B4244900837EBC /* TestPresenter.swift in Sources */ = {isa = PBXBuildFile; fileRef = 4613848D27B4244900837EBC /* TestPresenter.swift */; };
		4613849527B4244900837EBC /* TestInteractor.swift in Sources */ = {isa = PBXBuildFile; fileRef = 4613848E27B4244900837EBC /* TestInteractor.swift */; };
		461384A227B4255B00837EBC /* MusicViewController.xib in Resources */ = {isa = PBXBuildFile; fileRef = 4613849B27B4255B00837EBC /* MusicViewController.xib */; };
		461384A327B4255B00837EBC /* MusicViewController.swift in Sources */ = {isa = PBXBuildFile; fileRef = 4613849C27B4255B00837EBC /* MusicViewController.swift */; };
		461384A427B4255B00837EBC /* MusicRouter.swift in Sources */ = {isa = PBXBuildFile; fileRef = 4613849D27B4255B00837EBC /* MusicRouter.swift */; };
		461384A527B4255B00837EBC /* MusicProvider.swift in Sources */ = {isa = PBXBuildFile; fileRef = 4613849E27B4255B00837EBC /* MusicProvider.swift */; };
		461384A627B4255B00837EBC /* MusicCoordinator.swift in Sources */ = {isa = PBXBuildFile; fileRef = 4613849F27B4255B00837EBC /* MusicCoordinator.swift */; };
		461384A727B4255B00837EBC /* MusicPresenter.swift in Sources */ = {isa = PBXBuildFile; fileRef = 461384A027B4255B00837EBC /* MusicPresenter.swift */; };
		461384A827B4255B00837EBC /* MusicInteractor.swift in Sources */ = {isa = PBXBuildFile; fileRef = 461384A127B4255B00837EBC /* MusicInteractor.swift */; };
		461384B027B4257100837EBC /* PodcastViewController.xib in Resources */ = {isa = PBXBuildFile; fileRef = 461384A927B4257100837EBC /* PodcastViewController.xib */; };
		461384B127B4257100837EBC /* PodcastViewController.swift in Sources */ = {isa = PBXBuildFile; fileRef = 461384AA27B4257100837EBC /* PodcastViewController.swift */; };
		461384B227B4257100837EBC /* PodcastRouter.swift in Sources */ = {isa = PBXBuildFile; fileRef = 461384AB27B4257100837EBC /* PodcastRouter.swift */; };
		461384B327B4257100837EBC /* PodcastProvider.swift in Sources */ = {isa = PBXBuildFile; fileRef = 461384AC27B4257100837EBC /* PodcastProvider.swift */; };
		461384B427B4257100837EBC /* PodcastCoordinator.swift in Sources */ = {isa = PBXBuildFile; fileRef = 461384AD27B4257100837EBC /* PodcastCoordinator.swift */; };
		461384B527B4257100837EBC /* PodcastPresenter.swift in Sources */ = {isa = PBXBuildFile; fileRef = 461384AE27B4257100837EBC /* PodcastPresenter.swift */; };
		461384B627B4257100837EBC /* PodcastInteractor.swift in Sources */ = {isa = PBXBuildFile; fileRef = 461384AF27B4257100837EBC /* PodcastInteractor.swift */; };
		461384BF27B4258D00837EBC /* BookViewController.xib in Resources */ = {isa = PBXBuildFile; fileRef = 461384B827B4258D00837EBC /* BookViewController.xib */; };
		461384C027B4258D00837EBC /* BookViewController.swift in Sources */ = {isa = PBXBuildFile; fileRef = 461384B927B4258D00837EBC /* BookViewController.swift */; };
		461384C127B4258D00837EBC /* BookRouter.swift in Sources */ = {isa = PBXBuildFile; fileRef = 461384BA27B4258D00837EBC /* BookRouter.swift */; };
		461384C227B4258D00837EBC /* BookProvider.swift in Sources */ = {isa = PBXBuildFile; fileRef = 461384BB27B4258D00837EBC /* BookProvider.swift */; };
		461384C327B4258D00837EBC /* BookCoordinator.swift in Sources */ = {isa = PBXBuildFile; fileRef = 461384BC27B4258D00837EBC /* BookCoordinator.swift */; };
		461384C427B4258D00837EBC /* BookPresenter.swift in Sources */ = {isa = PBXBuildFile; fileRef = 461384BD27B4258D00837EBC /* BookPresenter.swift */; };
		461384C527B4258D00837EBC /* BookInteractor.swift in Sources */ = {isa = PBXBuildFile; fileRef = 461384BE27B4258D00837EBC /* BookInteractor.swift */; };
		461384C827B426DA00837EBC /* HomeTabBarViewController.swift in Sources */ = {isa = PBXBuildFile; fileRef = 461384C627B426DA00837EBC /* HomeTabBarViewController.swift */; };
		461384C927B426DB00837EBC /* HomeTabBarViewController.xib in Resources */ = {isa = PBXBuildFile; fileRef = 461384C727B426DA00837EBC /* HomeTabBarViewController.xib */; };
		461384CB27B4270E00837EBC /* HomeTabBarCoordinator.swift in Sources */ = {isa = PBXBuildFile; fileRef = 461384CA27B4270E00837EBC /* HomeTabBarCoordinator.swift */; };
		461384CF27B444A600837EBC /* MusicCell.swift in Sources */ = {isa = PBXBuildFile; fileRef = 461384CD27B444A600837EBC /* MusicCell.swift */; };
		461384D027B444A600837EBC /* MusicCell.xib in Resources */ = {isa = PBXBuildFile; fileRef = 461384CE27B444A600837EBC /* MusicCell.xib */; };
		461384D327B4496A00837EBC /* Kingfisher in Frameworks */ = {isa = PBXBuildFile; productRef = 461384D227B4496A00837EBC /* Kingfisher */; };
		461384D527B58F4100837EBC /* PodcastServerModel.swift in Sources */ = {isa = PBXBuildFile; fileRef = 461384D427B58F4100837EBC /* PodcastServerModel.swift */; };
		461384D827B596AF00837EBC /* AppleViewModel.swift in Sources */ = {isa = PBXBuildFile; fileRef = 461384D727B596AF00837EBC /* AppleViewModel.swift */; };
		461384DA27B6CB7000837EBC /* AppleServerModel.swift in Sources */ = {isa = PBXBuildFile; fileRef = 461384D927B6CB7000837EBC /* AppleServerModel.swift */; };
		461384E327B6CD0A00837EBC /* AppleGenericDetailViewController.xib in Resources */ = {isa = PBXBuildFile; fileRef = 461384DC27B6CD0A00837EBC /* AppleGenericDetailViewController.xib */; };
		461384E427B6CD0A00837EBC /* AppleGenericDetailViewController.swift in Sources */ = {isa = PBXBuildFile; fileRef = 461384DD27B6CD0A00837EBC /* AppleGenericDetailViewController.swift */; };
		461384E527B6CD0A00837EBC /* AppleGenericDetailRouter.swift in Sources */ = {isa = PBXBuildFile; fileRef = 461384DE27B6CD0A00837EBC /* AppleGenericDetailRouter.swift */; };
		461384E627B6CD0A00837EBC /* AppleGenericDetailProvider.swift in Sources */ = {isa = PBXBuildFile; fileRef = 461384DF27B6CD0A00837EBC /* AppleGenericDetailProvider.swift */; };
		461384E727B6CD0A00837EBC /* AppleGenericDetailCoordinator.swift in Sources */ = {isa = PBXBuildFile; fileRef = 461384E027B6CD0A00837EBC /* AppleGenericDetailCoordinator.swift */; };
		461384E827B6CD0A00837EBC /* AppleGenericDetailPresenter.swift in Sources */ = {isa = PBXBuildFile; fileRef = 461384E127B6CD0A00837EBC /* AppleGenericDetailPresenter.swift */; };
		461384E927B6CD0A00837EBC /* AppleGenericDetailInteractor.swift in Sources */ = {isa = PBXBuildFile; fileRef = 461384E227B6CD0A00837EBC /* AppleGenericDetailInteractor.swift */; };
		461384EB27B6E4E000837EBC /* AppServerModel.swift in Sources */ = {isa = PBXBuildFile; fileRef = 461384EA27B6E4DF00837EBC /* AppServerModel.swift */; };
		461384EF27B82F5B00837EBC /* AppsCell.swift in Sources */ = {isa = PBXBuildFile; fileRef = 461384ED27B82F5A00837EBC /* AppsCell.swift */; };
		461384F027B82F5B00837EBC /* AppsCell.xib in Resources */ = {isa = PBXBuildFile; fileRef = 461384EE27B82F5A00837EBC /* AppsCell.xib */; };
		461384F527B835B100837EBC /* SWRevealViewController .m in Sources */ = {isa = PBXBuildFile; fileRef = 461384F327B835B100837EBC /* SWRevealViewController .m */; };
		461384FE27B83EEF00837EBC /* MenuViewController.xib in Resources */ = {isa = PBXBuildFile; fileRef = 461384F727B83EEE00837EBC /* MenuViewController.xib */; };
		461384FF27B83EEF00837EBC /* MenuViewController.swift in Sources */ = {isa = PBXBuildFile; fileRef = 461384F827B83EEE00837EBC /* MenuViewController.swift */; };
		4613850027B83EEF00837EBC /* MenuRouter.swift in Sources */ = {isa = PBXBuildFile; fileRef = 461384F927B83EEE00837EBC /* MenuRouter.swift */; };
		4613850127B83EEF00837EBC /* MenuProvider.swift in Sources */ = {isa = PBXBuildFile; fileRef = 461384FA27B83EEE00837EBC /* MenuProvider.swift */; };
		4613850227B83EEF00837EBC /* MenuCoordinator.swift in Sources */ = {isa = PBXBuildFile; fileRef = 461384FB27B83EEE00837EBC /* MenuCoordinator.swift */; };
		4613850327B83EEF00837EBC /* MenuPresenter.swift in Sources */ = {isa = PBXBuildFile; fileRef = 461384FC27B83EEE00837EBC /* MenuPresenter.swift */; };
		4613850427B83EEF00837EBC /* MenuInteractor.swift in Sources */ = {isa = PBXBuildFile; fileRef = 461384FD27B83EEE00837EBC /* MenuInteractor.swift */; };
		4613850927BC13A200837EBC /* MenuServerModel.swift in Sources */ = {isa = PBXBuildFile; fileRef = 4613850827BC13A200837EBC /* MenuServerModel.swift */; };
		4613851027BC26B400837EBC /* MenuCell.swift in Sources */ = {isa = PBXBuildFile; fileRef = 4613850E27BC26B400837EBC /* MenuCell.swift */; };
		4613851127BC26B400837EBC /* MenuCell.xib in Resources */ = {isa = PBXBuildFile; fileRef = 4613850F27BC26B400837EBC /* MenuCell.xib */; };
/* End PBXBuildFile section */

/* Begin PBXFileReference section */
		4613841C27B03B7300837EBC /* CiceMusic.app */ = {isa = PBXFileReference; explicitFileType = wrapper.application; includeInIndex = 0; path = CiceMusic.app; sourceTree = BUILT_PRODUCTS_DIR; };
		4613841F27B03B7300837EBC /* AppDelegate.swift */ = {isa = PBXFileReference; lastKnownFileType = sourcecode.swift; path = AppDelegate.swift; sourceTree = "<group>"; };
		4613842827B03B8500837EBC /* Assets.xcassets */ = {isa = PBXFileReference; lastKnownFileType = folder.assetcatalog; path = Assets.xcassets; sourceTree = "<group>"; };
		4613842B27B03B8500837EBC /* Base */ = {isa = PBXFileReference; lastKnownFileType = file.storyboard; name = Base; path = Base.lproj/LaunchScreen.storyboard; sourceTree = "<group>"; };
		4613842D27B03B8600837EBC /* Info.plist */ = {isa = PBXFileReference; lastKnownFileType = text.plist.xml; path = Info.plist; sourceTree = "<group>"; };
		4613843727B03E8100837EBC /* BaseVIPER.swift */ = {isa = PBXFileReference; lastKnownFileType = sourcecode.swift; path = BaseVIPER.swift; sourceTree = "<group>"; };
		4613843B27B0419F00837EBC /* SplashViewController.swift */ = {isa = PBXFileReference; lastKnownFileType = sourcecode.swift; path = SplashViewController.swift; sourceTree = "<group>"; };
		4613843C27B0419F00837EBC /* SplashViewController.xib */ = {isa = PBXFileReference; lastKnownFileType = file.xib; path = SplashViewController.xib; sourceTree = "<group>"; };
		4613843F27B0420C00837EBC /* SplashPresenter.swift */ = {isa = PBXFileReference; lastKnownFileType = sourcecode.swift; path = SplashPresenter.swift; sourceTree = "<group>"; };
		4613844327B043FF00837EBC /* SplashInteractor.swift */ = {isa = PBXFileReference; lastKnownFileType = sourcecode.swift; path = SplashInteractor.swift; sourceTree = "<group>"; };
		4613844527B0441000837EBC /* SplashRouter.swift */ = {isa = PBXFileReference; lastKnownFileType = sourcecode.swift; path = SplashRouter.swift; sourceTree = "<group>"; };
		4613844727B048AC00837EBC /* SplashCoordinator.swift */ = {isa = PBXFileReference; lastKnownFileType = sourcecode.swift; path = SplashCoordinator.swift; sourceTree = "<group>"; };
		4613844927B04C0700837EBC /* AppCoreCoordinator.swift */ = {isa = PBXFileReference; lastKnownFileType = sourcecode.swift; path = AppCoreCoordinator.swift; sourceTree = "<group>"; };
		4613844D27B04CB500837EBC /* NetworkError.swift */ = {isa = PBXFileReference; lastKnownFileType = sourcecode.swift; path = NetworkError.swift; sourceTree = "<group>"; };
		4613844F27B04CC300837EBC /* NetworkService.swift */ = {isa = PBXFileReference; lastKnownFileType = sourcecode.swift; path = NetworkService.swift; sourceTree = "<group>"; };
		4613845127B04CD700837EBC /* Utils.swift */ = {isa = PBXFileReference; lastKnownFileType = sourcecode.swift; path = Utils.swift; sourceTree = "<group>"; };
		4613845327B05E2400837EBC /* SplashProvider.swift */ = {isa = PBXFileReference; lastKnownFileType = sourcecode.swift; path = SplashProvider.swift; sourceTree = "<group>"; };
		4613845627B2D77900837EBC /* MusicServerModel.swift */ = {isa = PBXFileReference; lastKnownFileType = sourcecode.swift; path = MusicServerModel.swift; sourceTree = "<group>"; };
		4613848827B4244900837EBC /* TestViewController.xib */ = {isa = PBXFileReference; lastKnownFileType = file.xib; path = TestViewController.xib; sourceTree = "<group>"; };
		4613848927B4244900837EBC /* TestViewController.swift */ = {isa = PBXFileReference; lastKnownFileType = sourcecode.swift; path = TestViewController.swift; sourceTree = "<group>"; };
		4613848A27B4244900837EBC /* TestRouter.swift */ = {isa = PBXFileReference; lastKnownFileType = sourcecode.swift; path = TestRouter.swift; sourceTree = "<group>"; };
		4613848B27B4244900837EBC /* TestProvider.swift */ = {isa = PBXFileReference; lastKnownFileType = sourcecode.swift; path = TestProvider.swift; sourceTree = "<group>"; };
		4613848C27B4244900837EBC /* TestCoordinator.swift */ = {isa = PBXFileReference; lastKnownFileType = sourcecode.swift; path = TestCoordinator.swift; sourceTree = "<group>"; };
		4613848D27B4244900837EBC /* TestPresenter.swift */ = {isa = PBXFileReference; lastKnownFileType = sourcecode.swift; path = TestPresenter.swift; sourceTree = "<group>"; };
		4613848E27B4244900837EBC /* TestInteractor.swift */ = {isa = PBXFileReference; lastKnownFileType = sourcecode.swift; path = TestInteractor.swift; sourceTree = "<group>"; };
		4613849B27B4255B00837EBC /* MusicViewController.xib */ = {isa = PBXFileReference; lastKnownFileType = file.xib; path = MusicViewController.xib; sourceTree = "<group>"; };
		4613849C27B4255B00837EBC /* MusicViewController.swift */ = {isa = PBXFileReference; lastKnownFileType = sourcecode.swift; path = MusicViewController.swift; sourceTree = "<group>"; };
		4613849D27B4255B00837EBC /* MusicRouter.swift */ = {isa = PBXFileReference; lastKnownFileType = sourcecode.swift; path = MusicRouter.swift; sourceTree = "<group>"; };
		4613849E27B4255B00837EBC /* MusicProvider.swift */ = {isa = PBXFileReference; lastKnownFileType = sourcecode.swift; path = MusicProvider.swift; sourceTree = "<group>"; };
		4613849F27B4255B00837EBC /* MusicCoordinator.swift */ = {isa = PBXFileReference; lastKnownFileType = sourcecode.swift; path = MusicCoordinator.swift; sourceTree = "<group>"; };
		461384A027B4255B00837EBC /* MusicPresenter.swift */ = {isa = PBXFileReference; lastKnownFileType = sourcecode.swift; path = MusicPresenter.swift; sourceTree = "<group>"; };
		461384A127B4255B00837EBC /* MusicInteractor.swift */ = {isa = PBXFileReference; lastKnownFileType = sourcecode.swift; path = MusicInteractor.swift; sourceTree = "<group>"; };
		461384A927B4257100837EBC /* PodcastViewController.xib */ = {isa = PBXFileReference; lastKnownFileType = file.xib; path = PodcastViewController.xib; sourceTree = "<group>"; };
		461384AA27B4257100837EBC /* PodcastViewController.swift */ = {isa = PBXFileReference; lastKnownFileType = sourcecode.swift; path = PodcastViewController.swift; sourceTree = "<group>"; };
		461384AB27B4257100837EBC /* PodcastRouter.swift */ = {isa = PBXFileReference; lastKnownFileType = sourcecode.swift; path = PodcastRouter.swift; sourceTree = "<group>"; };
		461384AC27B4257100837EBC /* PodcastProvider.swift */ = {isa = PBXFileReference; lastKnownFileType = sourcecode.swift; path = PodcastProvider.swift; sourceTree = "<group>"; };
		461384AD27B4257100837EBC /* PodcastCoordinator.swift */ = {isa = PBXFileReference; lastKnownFileType = sourcecode.swift; path = PodcastCoordinator.swift; sourceTree = "<group>"; };
		461384AE27B4257100837EBC /* PodcastPresenter.swift */ = {isa = PBXFileReference; lastKnownFileType = sourcecode.swift; path = PodcastPresenter.swift; sourceTree = "<group>"; };
		461384AF27B4257100837EBC /* PodcastInteractor.swift */ = {isa = PBXFileReference; lastKnownFileType = sourcecode.swift; path = PodcastInteractor.swift; sourceTree = "<group>"; };
		461384B827B4258D00837EBC /* BookViewController.xib */ = {isa = PBXFileReference; lastKnownFileType = file.xib; path = BookViewController.xib; sourceTree = "<group>"; };
		461384B927B4258D00837EBC /* BookViewController.swift */ = {isa = PBXFileReference; lastKnownFileType = sourcecode.swift; path = BookViewController.swift; sourceTree = "<group>"; };
		461384BA27B4258D00837EBC /* BookRouter.swift */ = {isa = PBXFileReference; lastKnownFileType = sourcecode.swift; path = BookRouter.swift; sourceTree = "<group>"; };
		461384BB27B4258D00837EBC /* BookProvider.swift */ = {isa = PBXFileReference; lastKnownFileType = sourcecode.swift; path = BookProvider.swift; sourceTree = "<group>"; };
		461384BC27B4258D00837EBC /* BookCoordinator.swift */ = {isa = PBXFileReference; lastKnownFileType = sourcecode.swift; path = BookCoordinator.swift; sourceTree = "<group>"; };
		461384BD27B4258D00837EBC /* BookPresenter.swift */ = {isa = PBXFileReference; lastKnownFileType = sourcecode.swift; path = BookPresenter.swift; sourceTree = "<group>"; };
		461384BE27B4258D00837EBC /* BookInteractor.swift */ = {isa = PBXFileReference; lastKnownFileType = sourcecode.swift; path = BookInteractor.swift; sourceTree = "<group>"; };
		461384C627B426DA00837EBC /* HomeTabBarViewController.swift */ = {isa = PBXFileReference; lastKnownFileType = sourcecode.swift; path = HomeTabBarViewController.swift; sourceTree = "<group>"; };
		461384C727B426DA00837EBC /* HomeTabBarViewController.xib */ = {isa = PBXFileReference; lastKnownFileType = file.xib; path = HomeTabBarViewController.xib; sourceTree = "<group>"; };
		461384CA27B4270E00837EBC /* HomeTabBarCoordinator.swift */ = {isa = PBXFileReference; lastKnownFileType = sourcecode.swift; path = HomeTabBarCoordinator.swift; sourceTree = "<group>"; };
		461384CD27B444A600837EBC /* MusicCell.swift */ = {isa = PBXFileReference; lastKnownFileType = sourcecode.swift; path = MusicCell.swift; sourceTree = "<group>"; };
		461384CE27B444A600837EBC /* MusicCell.xib */ = {isa = PBXFileReference; lastKnownFileType = file.xib; path = MusicCell.xib; sourceTree = "<group>"; };
		461384D427B58F4100837EBC /* PodcastServerModel.swift */ = {isa = PBXFileReference; lastKnownFileType = sourcecode.swift; path = PodcastServerModel.swift; sourceTree = "<group>"; };
		461384D727B596AF00837EBC /* AppleViewModel.swift */ = {isa = PBXFileReference; lastKnownFileType = sourcecode.swift; path = AppleViewModel.swift; sourceTree = "<group>"; };
		461384D927B6CB7000837EBC /* AppleServerModel.swift */ = {isa = PBXFileReference; lastKnownFileType = sourcecode.swift; path = AppleServerModel.swift; sourceTree = "<group>"; };
		461384DC27B6CD0A00837EBC /* AppleGenericDetailViewController.xib */ = {isa = PBXFileReference; lastKnownFileType = file.xib; path = AppleGenericDetailViewController.xib; sourceTree = "<group>"; };
		461384DD27B6CD0A00837EBC /* AppleGenericDetailViewController.swift */ = {isa = PBXFileReference; lastKnownFileType = sourcecode.swift; path = AppleGenericDetailViewController.swift; sourceTree = "<group>"; };
		461384DE27B6CD0A00837EBC /* AppleGenericDetailRouter.swift */ = {isa = PBXFileReference; lastKnownFileType = sourcecode.swift; path = AppleGenericDetailRouter.swift; sourceTree = "<group>"; };
		461384DF27B6CD0A00837EBC /* AppleGenericDetailProvider.swift */ = {isa = PBXFileReference; lastKnownFileType = sourcecode.swift; path = AppleGenericDetailProvider.swift; sourceTree = "<group>"; };
		461384E027B6CD0A00837EBC /* AppleGenericDetailCoordinator.swift */ = {isa = PBXFileReference; lastKnownFileType = sourcecode.swift; path = AppleGenericDetailCoordinator.swift; sourceTree = "<group>"; };
		461384E127B6CD0A00837EBC /* AppleGenericDetailPresenter.swift */ = {isa = PBXFileReference; lastKnownFileType = sourcecode.swift; path = AppleGenericDetailPresenter.swift; sourceTree = "<group>"; };
		461384E227B6CD0A00837EBC /* AppleGenericDetailInteractor.swift */ = {isa = PBXFileReference; lastKnownFileType = sourcecode.swift; path = AppleGenericDetailInteractor.swift; sourceTree = "<group>"; };
		461384EA27B6E4DF00837EBC /* AppServerModel.swift */ = {isa = PBXFileReference; lastKnownFileType = sourcecode.swift; path = AppServerModel.swift; sourceTree = "<group>"; };
		461384ED27B82F5A00837EBC /* AppsCell.swift */ = {isa = PBXFileReference; lastKnownFileType = sourcecode.swift; path = AppsCell.swift; sourceTree = "<group>"; };
		461384EE27B82F5A00837EBC /* AppsCell.xib */ = {isa = PBXFileReference; lastKnownFileType = file.xib; path = AppsCell.xib; sourceTree = "<group>"; };
		461384F227B835AF00837EBC /* CiceMusic-Bridging-Header.h */ = {isa = PBXFileReference; lastKnownFileType = sourcecode.c.h; path = "CiceMusic-Bridging-Header.h"; sourceTree = "<group>"; };
		461384F327B835B100837EBC /* SWRevealViewController .m */ = {isa = PBXFileReference; fileEncoding = 4; lastKnownFileType = sourcecode.c.objc; path = "SWRevealViewController .m"; sourceTree = "<group>"; };
		461384F427B835B100837EBC /* SWRevealViewController.h */ = {isa = PBXFileReference; fileEncoding = 4; lastKnownFileType = sourcecode.c.h; path = SWRevealViewController.h; sourceTree = "<group>"; };
		461384F727B83EEE00837EBC /* MenuViewController.xib */ = {isa = PBXFileReference; lastKnownFileType = file.xib; path = MenuViewController.xib; sourceTree = "<group>"; };
		461384F827B83EEE00837EBC /* MenuViewController.swift */ = {isa = PBXFileReference; lastKnownFileType = sourcecode.swift; path = MenuViewController.swift; sourceTree = "<group>"; };
		461384F927B83EEE00837EBC /* MenuRouter.swift */ = {isa = PBXFileReference; lastKnownFileType = sourcecode.swift; path = MenuRouter.swift; sourceTree = "<group>"; };
		461384FA27B83EEE00837EBC /* MenuProvider.swift */ = {isa = PBXFileReference; lastKnownFileType = sourcecode.swift; path = MenuProvider.swift; sourceTree = "<group>"; };
		461384FB27B83EEE00837EBC /* MenuCoordinator.swift */ = {isa = PBXFileReference; lastKnownFileType = sourcecode.swift; path = MenuCoordinator.swift; sourceTree = "<group>"; };
		461384FC27B83EEE00837EBC /* MenuPresenter.swift */ = {isa = PBXFileReference; lastKnownFileType = sourcecode.swift; path = MenuPresenter.swift; sourceTree = "<group>"; };
		461384FD27B83EEE00837EBC /* MenuInteractor.swift */ = {isa = PBXFileReference; lastKnownFileType = sourcecode.swift; path = MenuInteractor.swift; sourceTree = "<group>"; };
		4613850827BC13A200837EBC /* MenuServerModel.swift */ = {isa = PBXFileReference; lastKnownFileType = sourcecode.swift; path = MenuServerModel.swift; sourceTree = "<group>"; };
		4613850E27BC26B400837EBC /* MenuCell.swift */ = {isa = PBXFileReference; lastKnownFileType = sourcecode.swift; path = MenuCell.swift; sourceTree = "<group>"; };
		4613850F27BC26B400837EBC /* MenuCell.xib */ = {isa = PBXFileReference; lastKnownFileType = file.xib; path = MenuCell.xib; sourceTree = "<group>"; };
/* End PBXFileReference section */

/* Begin PBXFrameworksBuildPhase section */
		4613841927B03B7300837EBC /* Frameworks */ = {
			isa = PBXFrameworksBuildPhase;
			buildActionMask = 2147483647;
			files = (
				461384D327B4496A00837EBC /* Kingfisher in Frameworks */,
			);
			runOnlyForDeploymentPostprocessing = 0;
		};
/* End PBXFrameworksBuildPhase section */

/* Begin PBXGroup section */
		4613841327B03B7300837EBC = {
			isa = PBXGroup;
			children = (
				4613841E27B03B7300837EBC /* CiceMusic */,
				4613841D27B03B7300837EBC /* Products */,
			);
			sourceTree = "<group>";
		};
		4613841D27B03B7300837EBC /* Products */ = {
			isa = PBXGroup;
			children = (
				4613841C27B03B7300837EBC /* CiceMusic.app */,
			);
			name = Products;
			sourceTree = "<group>";
		};
		4613841E27B03B7300837EBC /* CiceMusic */ = {
			isa = PBXGroup;
			children = (
				461384F127B830B200837EBC /* MenuLateral */,
				461384D627B5969400837EBC /* ViewModels */,
				4613845527B2D75C00837EBC /* Models */,
				4613844C27B04C8D00837EBC /* Utils+Helpers */,
				4613844B27B04C7F00837EBC /* NetworkService */,
				4613843927B0416E00837EBC /* Sources */,
				4613843627B03E5600837EBC /* BaseVIPER */,
				4613843327B03CAA00837EBC /* CoreApp */,
				4613842827B03B8500837EBC /* Assets.xcassets */,
				4613842A27B03B8500837EBC /* LaunchScreen.storyboard */,
				4613842D27B03B8600837EBC /* Info.plist */,
			);
			path = CiceMusic;
			sourceTree = "<group>";
		};
		4613843327B03CAA00837EBC /* CoreApp */ = {
			isa = PBXGroup;
			children = (
				4613844927B04C0700837EBC /* AppCoreCoordinator.swift */,
				4613841F27B03B7300837EBC /* AppDelegate.swift */,
			);
			path = CoreApp;
			sourceTree = "<group>";
		};
		4613843627B03E5600837EBC /* BaseVIPER */ = {
			isa = PBXGroup;
			children = (
				4613843727B03E8100837EBC /* BaseVIPER.swift */,
			);
			path = BaseVIPER;
			sourceTree = "<group>";
		};
		4613843927B0416E00837EBC /* Sources */ = {
			isa = PBXGroup;
			children = (
				461384F627B83EB500837EBC /* MenuView */,
				461384DB27B6CCD900837EBC /* AppleGenericDetail */,
				4613849927B4250A00837EBC /* BooksView */,
				4613849827B4250100837EBC /* PodcastView */,
				4613849727B424F600837EBC /* MusicView */,
				4613849627B424E800837EBC /* HomeTabBar */,
				4613848727B4243000837EBC /* Test */,
				4613843A27B0417700837EBC /* SplashView */,
			);
			path = Sources;
			sourceTree = "<group>";
		};
		4613843A27B0417700837EBC /* SplashView */ = {
			isa = PBXGroup;
			children = (
				4613843B27B0419F00837EBC /* SplashViewController.swift */,
				4613843C27B0419F00837EBC /* SplashViewController.xib */,
				4613843F27B0420C00837EBC /* SplashPresenter.swift */,
				4613844327B043FF00837EBC /* SplashInteractor.swift */,
				4613844527B0441000837EBC /* SplashRouter.swift */,
				4613844727B048AC00837EBC /* SplashCoordinator.swift */,
				4613845327B05E2400837EBC /* SplashProvider.swift */,
			);
			path = SplashView;
			sourceTree = "<group>";
		};
		4613844B27B04C7F00837EBC /* NetworkService */ = {
			isa = PBXGroup;
			children = (
				4613844D27B04CB500837EBC /* NetworkError.swift */,
				4613844F27B04CC300837EBC /* NetworkService.swift */,
			);
			path = NetworkService;
			sourceTree = "<group>";
		};
		4613844C27B04C8D00837EBC /* Utils+Helpers */ = {
			isa = PBXGroup;
			children = (
				4613845127B04CD700837EBC /* Utils.swift */,
			);
			path = "Utils+Helpers";
			sourceTree = "<group>";
		};
		4613845527B2D75C00837EBC /* Models */ = {
			isa = PBXGroup;
			children = (
				4613845627B2D77900837EBC /* MusicServerModel.swift */,
				461384D427B58F4100837EBC /* PodcastServerModel.swift */,
				461384D927B6CB7000837EBC /* AppleServerModel.swift */,
				461384EA27B6E4DF00837EBC /* AppServerModel.swift */,
				4613850827BC13A200837EBC /* MenuServerModel.swift */,
			);
			path = Models;
			sourceTree = "<group>";
		};
		4613848727B4243000837EBC /* Test */ = {
			isa = PBXGroup;
			children = (
				4613848827B4244900837EBC /* TestViewController.xib */,
				4613848927B4244900837EBC /* TestViewController.swift */,
				4613848A27B4244900837EBC /* TestRouter.swift */,
				4613848B27B4244900837EBC /* TestProvider.swift */,
				4613848C27B4244900837EBC /* TestCoordinator.swift */,
				4613848D27B4244900837EBC /* TestPresenter.swift */,
				4613848E27B4244900837EBC /* TestInteractor.swift */,
			);
			path = Test;
			sourceTree = "<group>";
		};
		4613849627B424E800837EBC /* HomeTabBar */ = {
			isa = PBXGroup;
			children = (
				461384C627B426DA00837EBC /* HomeTabBarViewController.swift */,
				461384C727B426DA00837EBC /* HomeTabBarViewController.xib */,
				461384CA27B4270E00837EBC /* HomeTabBarCoordinator.swift */,
			);
			path = HomeTabBar;
			sourceTree = "<group>";
		};
		4613849727B424F600837EBC /* MusicView */ = {
			isa = PBXGroup;
			children = (
				461384CC27B4447400837EBC /* Cell */,
				4613849B27B4255B00837EBC /* MusicViewController.xib */,
				4613849C27B4255B00837EBC /* MusicViewController.swift */,
				4613849D27B4255B00837EBC /* MusicRouter.swift */,
				4613849E27B4255B00837EBC /* MusicProvider.swift */,
				4613849F27B4255B00837EBC /* MusicCoordinator.swift */,
				461384A027B4255B00837EBC /* MusicPresenter.swift */,
				461384A127B4255B00837EBC /* MusicInteractor.swift */,
			);
			path = MusicView;
			sourceTree = "<group>";
		};
		4613849827B4250100837EBC /* PodcastView */ = {
			isa = PBXGroup;
			children = (
				461384A927B4257100837EBC /* PodcastViewController.xib */,
				461384AA27B4257100837EBC /* PodcastViewController.swift */,
				461384AB27B4257100837EBC /* PodcastRouter.swift */,
				461384AC27B4257100837EBC /* PodcastProvider.swift */,
				461384AD27B4257100837EBC /* PodcastCoordinator.swift */,
				461384AE27B4257100837EBC /* PodcastPresenter.swift */,
				461384AF27B4257100837EBC /* PodcastInteractor.swift */,
			);
			path = PodcastView;
			sourceTree = "<group>";
		};
		4613849927B4250A00837EBC /* BooksView */ = {
			isa = PBXGroup;
			children = (
				461384B827B4258D00837EBC /* BookViewController.xib */,
				461384B927B4258D00837EBC /* BookViewController.swift */,
				461384BA27B4258D00837EBC /* BookRouter.swift */,
				461384BB27B4258D00837EBC /* BookProvider.swift */,
				461384BC27B4258D00837EBC /* BookCoordinator.swift */,
				461384BD27B4258D00837EBC /* BookPresenter.swift */,
				461384BE27B4258D00837EBC /* BookInteractor.swift */,
			);
			path = BooksView;
			sourceTree = "<group>";
		};
		461384CC27B4447400837EBC /* Cell */ = {
			isa = PBXGroup;
			children = (
				461384CD27B444A600837EBC /* MusicCell.swift */,
				461384CE27B444A600837EBC /* MusicCell.xib */,
			);
			path = Cell;
			sourceTree = "<group>";
		};
		461384D627B5969400837EBC /* ViewModels */ = {
			isa = PBXGroup;
			children = (
				461384D727B596AF00837EBC /* AppleViewModel.swift */,
			);
			path = ViewModels;
			sourceTree = "<group>";
		};
		461384DB27B6CCD900837EBC /* AppleGenericDetail */ = {
			isa = PBXGroup;
			children = (
				461384EC27B82F1C00837EBC /* Cell */,
				461384DC27B6CD0A00837EBC /* AppleGenericDetailViewController.xib */,
				461384DD27B6CD0A00837EBC /* AppleGenericDetailViewController.swift */,
				461384DE27B6CD0A00837EBC /* AppleGenericDetailRouter.swift */,
				461384DF27B6CD0A00837EBC /* AppleGenericDetailProvider.swift */,
				461384E027B6CD0A00837EBC /* AppleGenericDetailCoordinator.swift */,
				461384E127B6CD0A00837EBC /* AppleGenericDetailPresenter.swift */,
				461384E227B6CD0A00837EBC /* AppleGenericDetailInteractor.swift */,
			);
			path = AppleGenericDetail;
			sourceTree = "<group>";
		};
		461384EC27B82F1C00837EBC /* Cell */ = {
			isa = PBXGroup;
			children = (
				461384ED27B82F5A00837EBC /* AppsCell.swift */,
				461384EE27B82F5A00837EBC /* AppsCell.xib */,
			);
			path = Cell;
			sourceTree = "<group>";
		};
		461384F127B830B200837EBC /* MenuLateral */ = {
			isa = PBXGroup;
			children = (
				461384F327B835B100837EBC /* SWRevealViewController .m */,
				461384F427B835B100837EBC /* SWRevealViewController.h */,
				461384F227B835AF00837EBC /* CiceMusic-Bridging-Header.h */,
			);
			path = MenuLateral;
			sourceTree = "<group>";
		};
		461384F627B83EB500837EBC /* MenuView */ = {
			isa = PBXGroup;
			children = (
				4613850D27BC269700837EBC /* Cell */,
				461384F727B83EEE00837EBC /* MenuViewController.xib */,
				461384F827B83EEE00837EBC /* MenuViewController.swift */,
				461384F927B83EEE00837EBC /* MenuRouter.swift */,
				461384FA27B83EEE00837EBC /* MenuProvider.swift */,
				461384FB27B83EEE00837EBC /* MenuCoordinator.swift */,
				461384FC27B83EEE00837EBC /* MenuPresenter.swift */,
				461384FD27B83EEE00837EBC /* MenuInteractor.swift */,
			);
			path = MenuView;
			sourceTree = "<group>";
		};
		4613850D27BC269700837EBC /* Cell */ = {
			isa = PBXGroup;
			children = (
				4613850E27BC26B400837EBC /* MenuCell.swift */,
				4613850F27BC26B400837EBC /* MenuCell.xib */,
			);
			path = Cell;
			sourceTree = "<group>";
		};
/* End PBXGroup section */

/* Begin PBXNativeTarget section */
		4613841B27B03B7300837EBC /* CiceMusic */ = {
			isa = PBXNativeTarget;
			buildConfigurationList = 4613843027B03B8600837EBC /* Build configuration list for PBXNativeTarget "CiceMusic" */;
			buildPhases = (
				4613841827B03B7300837EBC /* Sources */,
				4613841927B03B7300837EBC /* Frameworks */,
				4613841A27B03B7300837EBC /* Resources */,
			);
			buildRules = (
			);
			dependencies = (
			);
			name = CiceMusic;
			packageProductDependencies = (
				461384D227B4496A00837EBC /* Kingfisher */,
			);
			productName = CiceMusic;
			productReference = 4613841C27B03B7300837EBC /* CiceMusic.app */;
			productType = "com.apple.product-type.application";
		};
/* End PBXNativeTarget section */

/* Begin PBXProject section */
		4613841427B03B7300837EBC /* Project object */ = {
			isa = PBXProject;
			attributes = {
				BuildIndependentTargetsInParallel = 1;
				LastSwiftUpdateCheck = 1300;
				LastUpgradeCheck = 1300;
				TargetAttributes = {
					4613841B27B03B7300837EBC = {
						CreatedOnToolsVersion = 13.0;
						LastSwiftMigration = 1300;
					};
				};
			};
			buildConfigurationList = 4613841727B03B7300837EBC /* Build configuration list for PBXProject "CiceMusic" */;
			compatibilityVersion = "Xcode 13.0";
			developmentRegion = en;
			hasScannedForEncodings = 0;
			knownRegions = (
				en,
				Base,
			);
			mainGroup = 4613841327B03B7300837EBC;
			packageReferences = (
				461384D127B4496A00837EBC /* XCRemoteSwiftPackageReference "Kingfisher" */,
			);
			productRefGroup = 4613841D27B03B7300837EBC /* Products */;
			projectDirPath = "";
			projectRoot = "";
			targets = (
				4613841B27B03B7300837EBC /* CiceMusic */,
			);
		};
/* End PBXProject section */

/* Begin PBXResourcesBuildPhase section */
		4613841A27B03B7300837EBC /* Resources */ = {
			isa = PBXResourcesBuildPhase;
			buildActionMask = 2147483647;
			files = (
				4613842C27B03B8500837EBC /* LaunchScreen.storyboard in Resources */,
				461384C927B426DB00837EBC /* HomeTabBarViewController.xib in Resources */,
				461384E327B6CD0A00837EBC /* AppleGenericDetailViewController.xib in Resources */,
				4613843E27B0419F00837EBC /* SplashViewController.xib in Resources */,
				461384BF27B4258D00837EBC /* BookViewController.xib in Resources */,
				461384A227B4255B00837EBC /* MusicViewController.xib in Resources */,
				461384D027B444A600837EBC /* MusicCell.xib in Resources */,
				461384FE27B83EEF00837EBC /* MenuViewController.xib in Resources */,
				4613851127BC26B400837EBC /* MenuCell.xib in Resources */,
				4613848F27B4244900837EBC /* TestViewController.xib in Resources */,
				461384F027B82F5B00837EBC /* AppsCell.xib in Resources */,
				4613842927B03B8500837EBC /* Assets.xcassets in Resources */,
				461384B027B4257100837EBC /* PodcastViewController.xib in Resources */,
			);
			runOnlyForDeploymentPostprocessing = 0;
		};
/* End PBXResourcesBuildPhase section */

/* Begin PBXSourcesBuildPhase section */
		4613841827B03B7300837EBC /* Sources */ = {
			isa = PBXSourcesBuildPhase;
			buildActionMask = 2147483647;
			files = (
				461384CB27B4270E00837EBC /* HomeTabBarCoordinator.swift in Sources */,
				461384A427B4255B00837EBC /* MusicRouter.swift in Sources */,
				461384E827B6CD0A00837EBC /* AppleGenericDetailPresenter.swift in Sources */,
				461384E427B6CD0A00837EBC /* AppleGenericDetailViewController.swift in Sources */,
				461384EB27B6E4E000837EBC /* AppServerModel.swift in Sources */,
				461384C427B4258D00837EBC /* BookPresenter.swift in Sources */,
				461384E627B6CD0A00837EBC /* AppleGenericDetailProvider.swift in Sources */,
				4613850427B83EEF00837EBC /* MenuInteractor.swift in Sources */,
				461384B627B4257100837EBC /* PodcastInteractor.swift in Sources */,
				461384F527B835B100837EBC /* SWRevealViewController .m in Sources */,
				4613849027B4244900837EBC /* TestViewController.swift in Sources */,
				461384C327B4258D00837EBC /* BookCoordinator.swift in Sources */,
				4613850027B83EEF00837EBC /* MenuRouter.swift in Sources */,
				461384A527B4255B00837EBC /* MusicProvider.swift in Sources */,
				461384E927B6CD0A00837EBC /* AppleGenericDetailInteractor.swift in Sources */,
				4613845027B04CC300837EBC /* NetworkService.swift in Sources */,
				461384C227B4258D00837EBC /* BookProvider.swift in Sources */,
				4613845427B05E2400837EBC /* SplashProvider.swift in Sources */,
				4613850327B83EEF00837EBC /* MenuPresenter.swift in Sources */,
				461384C827B426DA00837EBC /* HomeTabBarViewController.swift in Sources */,
				461384EF27B82F5B00837EBC /* AppsCell.swift in Sources */,
				4613844027B0420C00837EBC /* SplashPresenter.swift in Sources */,
				461384C127B4258D00837EBC /* BookRouter.swift in Sources */,
				4613844827B048AC00837EBC /* SplashCoordinator.swift in Sources */,
				461384DA27B6CB7000837EBC /* AppleServerModel.swift in Sources */,
				461384B227B4257100837EBC /* PodcastRouter.swift in Sources */,
				4613851027BC26B400837EBC /* MenuCell.swift in Sources */,
				4613849327B4244900837EBC /* TestCoordinator.swift in Sources */,
				461384A727B4255B00837EBC /* MusicPresenter.swift in Sources */,
				461384B427B4257100837EBC /* PodcastCoordinator.swift in Sources */,
				4613844427B043FF00837EBC /* SplashInteractor.swift in Sources */,
				4613844627B0441000837EBC /* SplashRouter.swift in Sources */,
				461384E727B6CD0A00837EBC /* AppleGenericDetailCoordinator.swift in Sources */,
				4613849427B4244900837EBC /* TestPresenter.swift in Sources */,
				4613842027B03B7300837EBC /* AppDelegate.swift in Sources */,
				461384D527B58F4100837EBC /* PodcastServerModel.swift in Sources */,
				4613850227B83EEF00837EBC /* MenuCoordinator.swift in Sources */,
				4613849227B4244900837EBC /* TestProvider.swift in Sources */,
				461384C527B4258D00837EBC /* BookInteractor.swift in Sources */,
				461384FF27B83EEF00837EBC /* MenuViewController.swift in Sources */,
				4613843827B03E8100837EBC /* BaseVIPER.swift in Sources */,
				461384A627B4255B00837EBC /* MusicCoordinator.swift in Sources */,
				461384B327B4257100837EBC /* PodcastProvider.swift in Sources */,
				4613850127B83EEF00837EBC /* MenuProvider.swift in Sources */,
				461384A827B4255B00837EBC /* MusicInteractor.swift in Sources */,
				4613843D27B0419F00837EBC /* SplashViewController.swift in Sources */,
				4613844A27B04C0700837EBC /* AppCoreCoordinator.swift in Sources */,
				4613849527B4244900837EBC /* TestInteractor.swift in Sources */,
				4613849127B4244900837EBC /* TestRouter.swift in Sources */,
				461384A327B4255B00837EBC /* MusicViewController.swift in Sources */,
				461384B527B4257100837EBC /* PodcastPresenter.swift in Sources */,
				4613844E27B04CB500837EBC /* NetworkError.swift in Sources */,
				4613850927BC13A200837EBC /* MenuServerModel.swift in Sources */,
				461384CF27B444A600837EBC /* MusicCell.swift in Sources */,
				461384B127B4257100837EBC /* PodcastViewController.swift in Sources */,
				461384C027B4258D00837EBC /* BookViewController.swift in Sources */,
				4613845727B2D77900837EBC /* MusicServerModel.swift in Sources */,
				4613845227B04CD700837EBC /* Utils.swift in Sources */,
				461384D827B596AF00837EBC /* AppleViewModel.swift in Sources */,
				461384E527B6CD0A00837EBC /* AppleGenericDetailRouter.swift in Sources */,
			);
			runOnlyForDeploymentPostprocessing = 0;
		};
/* End PBXSourcesBuildPhase section */

/* Begin PBXVariantGroup section */
		4613842A27B03B8500837EBC /* LaunchScreen.storyboard */ = {
			isa = PBXVariantGroup;
			children = (
				4613842B27B03B8500837EBC /* Base */,
			);
			name = LaunchScreen.storyboard;
			sourceTree = "<group>";
		};
/* End PBXVariantGroup section */

/* Begin XCBuildConfiguration section */
		4613842E27B03B8600837EBC /* DEV */ = {
			isa = XCBuildConfiguration;
			buildSettings = {
				ALWAYS_SEARCH_USER_PATHS = NO;
				CLANG_ANALYZER_NONNULL = YES;
				CLANG_ANALYZER_NUMBER_OBJECT_CONVERSION = YES_AGGRESSIVE;
				CLANG_CXX_LANGUAGE_STANDARD = "gnu++17";
				CLANG_CXX_LIBRARY = "libc++";
				CLANG_ENABLE_MODULES = YES;
				CLANG_ENABLE_OBJC_ARC = YES;
				CLANG_ENABLE_OBJC_WEAK = YES;
				CLANG_WARN_BLOCK_CAPTURE_AUTORELEASING = YES;
				CLANG_WARN_BOOL_CONVERSION = YES;
				CLANG_WARN_COMMA = YES;
				CLANG_WARN_CONSTANT_CONVERSION = YES;
				CLANG_WARN_DEPRECATED_OBJC_IMPLEMENTATIONS = YES;
				CLANG_WARN_DIRECT_OBJC_ISA_USAGE = YES_ERROR;
				CLANG_WARN_DOCUMENTATION_COMMENTS = YES;
				CLANG_WARN_EMPTY_BODY = YES;
				CLANG_WARN_ENUM_CONVERSION = YES;
				CLANG_WARN_INFINITE_RECURSION = YES;
				CLANG_WARN_INT_CONVERSION = YES;
				CLANG_WARN_NON_LITERAL_NULL_CONVERSION = YES;
				CLANG_WARN_OBJC_IMPLICIT_RETAIN_SELF = YES;
				CLANG_WARN_OBJC_LITERAL_CONVERSION = YES;
				CLANG_WARN_OBJC_ROOT_CLASS = YES_ERROR;
				CLANG_WARN_QUOTED_INCLUDE_IN_FRAMEWORK_HEADER = YES;
				CLANG_WARN_RANGE_LOOP_ANALYSIS = YES;
				CLANG_WARN_STRICT_PROTOTYPES = YES;
				CLANG_WARN_SUSPICIOUS_MOVE = YES;
				CLANG_WARN_UNGUARDED_AVAILABILITY = YES_AGGRESSIVE;
				CLANG_WARN_UNREACHABLE_CODE = YES;
				CLANG_WARN__DUPLICATE_METHOD_MATCH = YES;
				COPY_PHASE_STRIP = NO;
				DEBUG_INFORMATION_FORMAT = dwarf;
				ENABLE_STRICT_OBJC_MSGSEND = YES;
				ENABLE_TESTABILITY = YES;
				GCC_C_LANGUAGE_STANDARD = gnu11;
				GCC_DYNAMIC_NO_PIC = NO;
				GCC_NO_COMMON_BLOCKS = YES;
				GCC_OPTIMIZATION_LEVEL = 0;
				GCC_PREPROCESSOR_DEFINITIONS = (
					"DEBUG=1",
					"$(inherited)",
				);
				GCC_WARN_64_TO_32_BIT_CONVERSION = YES;
				GCC_WARN_ABOUT_RETURN_TYPE = YES_ERROR;
				GCC_WARN_UNDECLARED_SELECTOR = YES;
				GCC_WARN_UNINITIALIZED_AUTOS = YES_AGGRESSIVE;
				GCC_WARN_UNUSED_FUNCTION = YES;
				GCC_WARN_UNUSED_VARIABLE = YES;
				IPHONEOS_DEPLOYMENT_TARGET = 15.0;
				MTL_ENABLE_DEBUG_INFO = INCLUDE_SOURCE;
				MTL_FAST_MATH = YES;
				ONLY_ACTIVE_ARCH = YES;
				SDKROOT = iphoneos;
				SWIFT_ACTIVE_COMPILATION_CONDITIONS = DEBUG;
				SWIFT_OPTIMIZATION_LEVEL = "-Onone";
			};
			name = DEV;
		};
		4613842F27B03B8600837EBC /* PRE */ = {
			isa = XCBuildConfiguration;
			buildSettings = {
				ALWAYS_SEARCH_USER_PATHS = NO;
				CLANG_ANALYZER_NONNULL = YES;
				CLANG_ANALYZER_NUMBER_OBJECT_CONVERSION = YES_AGGRESSIVE;
				CLANG_CXX_LANGUAGE_STANDARD = "gnu++17";
				CLANG_CXX_LIBRARY = "libc++";
				CLANG_ENABLE_MODULES = YES;
				CLANG_ENABLE_OBJC_ARC = YES;
				CLANG_ENABLE_OBJC_WEAK = YES;
				CLANG_WARN_BLOCK_CAPTURE_AUTORELEASING = YES;
				CLANG_WARN_BOOL_CONVERSION = YES;
				CLANG_WARN_COMMA = YES;
				CLANG_WARN_CONSTANT_CONVERSION = YES;
				CLANG_WARN_DEPRECATED_OBJC_IMPLEMENTATIONS = YES;
				CLANG_WARN_DIRECT_OBJC_ISA_USAGE = YES_ERROR;
				CLANG_WARN_DOCUMENTATION_COMMENTS = YES;
				CLANG_WARN_EMPTY_BODY = YES;
				CLANG_WARN_ENUM_CONVERSION = YES;
				CLANG_WARN_INFINITE_RECURSION = YES;
				CLANG_WARN_INT_CONVERSION = YES;
				CLANG_WARN_NON_LITERAL_NULL_CONVERSION = YES;
				CLANG_WARN_OBJC_IMPLICIT_RETAIN_SELF = YES;
				CLANG_WARN_OBJC_LITERAL_CONVERSION = YES;
				CLANG_WARN_OBJC_ROOT_CLASS = YES_ERROR;
				CLANG_WARN_QUOTED_INCLUDE_IN_FRAMEWORK_HEADER = YES;
				CLANG_WARN_RANGE_LOOP_ANALYSIS = YES;
				CLANG_WARN_STRICT_PROTOTYPES = YES;
				CLANG_WARN_SUSPICIOUS_MOVE = YES;
				CLANG_WARN_UNGUARDED_AVAILABILITY = YES_AGGRESSIVE;
				CLANG_WARN_UNREACHABLE_CODE = YES;
				CLANG_WARN__DUPLICATE_METHOD_MATCH = YES;
				COPY_PHASE_STRIP = NO;
				DEBUG_INFORMATION_FORMAT = "dwarf-with-dsym";
				ENABLE_NS_ASSERTIONS = NO;
				ENABLE_STRICT_OBJC_MSGSEND = YES;
				GCC_C_LANGUAGE_STANDARD = gnu11;
				GCC_NO_COMMON_BLOCKS = YES;
				GCC_WARN_64_TO_32_BIT_CONVERSION = YES;
				GCC_WARN_ABOUT_RETURN_TYPE = YES_ERROR;
				GCC_WARN_UNDECLARED_SELECTOR = YES;
				GCC_WARN_UNINITIALIZED_AUTOS = YES_AGGRESSIVE;
				GCC_WARN_UNUSED_FUNCTION = YES;
				GCC_WARN_UNUSED_VARIABLE = YES;
				IPHONEOS_DEPLOYMENT_TARGET = 15.0;
				MTL_ENABLE_DEBUG_INFO = NO;
				MTL_FAST_MATH = YES;
				SDKROOT = iphoneos;
				SWIFT_COMPILATION_MODE = wholemodule;
				SWIFT_OPTIMIZATION_LEVEL = "-O";
				VALIDATE_PRODUCT = YES;
			};
			name = PRE;
		};
		4613843127B03B8600837EBC /* DEV */ = {
			isa = XCBuildConfiguration;
			buildSettings = {
				ASSETCATALOG_COMPILER_APPICON_NAME = AppIcon;
				ASSETCATALOG_COMPILER_GLOBAL_ACCENT_COLOR_NAME = AccentColor;
				CLANG_ENABLE_MODULES = YES;
				CODE_SIGN_IDENTITY = "Apple Development";
				CODE_SIGN_STYLE = Automatic;
				CURRENT_PROJECT_VERSION = 1;
				DEVELOPMENT_TEAM = "";
				GENERATE_INFOPLIST_FILE = YES;
				INFOPLIST_FILE = CiceMusic/Info.plist;
				INFOPLIST_KEY_UIApplicationSupportsIndirectInputEvents = YES;
				INFOPLIST_KEY_UILaunchStoryboardName = LaunchScreen;
				INFOPLIST_KEY_UISupportedInterfaceOrientations = UIInterfaceOrientationPortrait;
				INFOPLIST_KEY_UISupportedInterfaceOrientations_iPad = "UIInterfaceOrientationPortrait UIInterfaceOrientationPortraitUpsideDown UIInterfaceOrientationLandscapeLeft UIInterfaceOrientationLandscapeRight";
				INFOPLIST_KEY_UISupportedInterfaceOrientations_iPhone = "UIInterfaceOrientationPortrait UIInterfaceOrientationLandscapeLeft UIInterfaceOrientationLandscapeRight";
				LD_RUNPATH_SEARCH_PATHS = (
					"$(inherited)",
					"@executable_path/Frameworks",
				);
				MARKETING_VERSION = 1.0;
				PRODUCT_BUNDLE_IDENTIFIER = com.aidealvarado..CiceMusic;
				PRODUCT_NAME = "$(TARGET_NAME)";
				PROVISIONING_PROFILE_SPECIFIER = "";
				SWIFT_ACTIVE_COMPILATION_CONDITIONS = DEV;
				SWIFT_EMIT_LOC_STRINGS = YES;
				SWIFT_OBJC_BRIDGING_HEADER = "CiceMusic/MenuLateral/CiceMusic-Bridging-Header.h";
				SWIFT_OPTIMIZATION_LEVEL = "-Onone";
				SWIFT_VERSION = 5.0;
				TARGETED_DEVICE_FAMILY = 1;
			};
			name = DEV;
		};
		4613843227B03B8600837EBC /* PRE */ = {
			isa = XCBuildConfiguration;
			buildSettings = {
				ASSETCATALOG_COMPILER_APPICON_NAME = AppIcon;
				ASSETCATALOG_COMPILER_GLOBAL_ACCENT_COLOR_NAME = AccentColor;
				CLANG_ENABLE_MODULES = YES;
				CODE_SIGN_IDENTITY = "Apple Development";
				CODE_SIGN_STYLE = Automatic;
				CURRENT_PROJECT_VERSION = 1;
				DEVELOPMENT_TEAM = "";
				GENERATE_INFOPLIST_FILE = YES;
				INFOPLIST_FILE = CiceMusic/Info.plist;
				INFOPLIST_KEY_UIApplicationSupportsIndirectInputEvents = YES;
				INFOPLIST_KEY_UILaunchStoryboardName = LaunchScreen;
				INFOPLIST_KEY_UISupportedInterfaceOrientations = UIInterfaceOrientationPortrait;
				INFOPLIST_KEY_UISupportedInterfaceOrientations_iPad = "UIInterfaceOrientationPortrait UIInterfaceOrientationPortraitUpsideDown UIInterfaceOrientationLandscapeLeft UIInterfaceOrientationLandscapeRight";
				INFOPLIST_KEY_UISupportedInterfaceOrientations_iPhone = "UIInterfaceOrientationPortrait UIInterfaceOrientationLandscapeLeft UIInterfaceOrientationLandscapeRight";
				LD_RUNPATH_SEARCH_PATHS = (
					"$(inherited)",
					"@executable_path/Frameworks",
				);
				MARKETING_VERSION = 1.0;
				PRODUCT_BUNDLE_IDENTIFIER = com.aidealvarado..CiceMusic;
				PRODUCT_NAME = "$(TARGET_NAME)";
				PROVISIONING_PROFILE_SPECIFIER = "";
				SWIFT_ACTIVE_COMPILATION_CONDITIONS = PRE;
				SWIFT_EMIT_LOC_STRINGS = YES;
				SWIFT_OBJC_BRIDGING_HEADER = "CiceMusic/MenuLateral/CiceMusic-Bridging-Header.h";
				SWIFT_VERSION = 5.0;
				TARGETED_DEVICE_FAMILY = 1;
			};
			name = PRE;
		};
		4613850527B846A800837EBC /* PRO */ = {
			isa = XCBuildConfiguration;
			buildSettings = {
				ALWAYS_SEARCH_USER_PATHS = NO;
				CLANG_ANALYZER_NONNULL = YES;
				CLANG_ANALYZER_NUMBER_OBJECT_CONVERSION = YES_AGGRESSIVE;
				CLANG_CXX_LANGUAGE_STANDARD = "gnu++17";
				CLANG_CXX_LIBRARY = "libc++";
				CLANG_ENABLE_MODULES = YES;
				CLANG_ENABLE_OBJC_ARC = YES;
				CLANG_ENABLE_OBJC_WEAK = YES;
				CLANG_WARN_BLOCK_CAPTURE_AUTORELEASING = YES;
				CLANG_WARN_BOOL_CONVERSION = YES;
				CLANG_WARN_COMMA = YES;
				CLANG_WARN_CONSTANT_CONVERSION = YES;
				CLANG_WARN_DEPRECATED_OBJC_IMPLEMENTATIONS = YES;
				CLANG_WARN_DIRECT_OBJC_ISA_USAGE = YES_ERROR;
				CLANG_WARN_DOCUMENTATION_COMMENTS = YES;
				CLANG_WARN_EMPTY_BODY = YES;
				CLANG_WARN_ENUM_CONVERSION = YES;
				CLANG_WARN_INFINITE_RECURSION = YES;
				CLANG_WARN_INT_CONVERSION = YES;
				CLANG_WARN_NON_LITERAL_NULL_CONVERSION = YES;
				CLANG_WARN_OBJC_IMPLICIT_RETAIN_SELF = YES;
				CLANG_WARN_OBJC_LITERAL_CONVERSION = YES;
				CLANG_WARN_OBJC_ROOT_CLASS = YES_ERROR;
				CLANG_WARN_QUOTED_INCLUDE_IN_FRAMEWORK_HEADER = YES;
				CLANG_WARN_RANGE_LOOP_ANALYSIS = YES;
				CLANG_WARN_STRICT_PROTOTYPES = YES;
				CLANG_WARN_SUSPICIOUS_MOVE = YES;
				CLANG_WARN_UNGUARDED_AVAILABILITY = YES_AGGRESSIVE;
				CLANG_WARN_UNREACHABLE_CODE = YES;
				CLANG_WARN__DUPLICATE_METHOD_MATCH = YES;
				COPY_PHASE_STRIP = NO;
				DEBUG_INFORMATION_FORMAT = "dwarf-with-dsym";
				ENABLE_NS_ASSERTIONS = NO;
				ENABLE_STRICT_OBJC_MSGSEND = YES;
				GCC_C_LANGUAGE_STANDARD = gnu11;
				GCC_NO_COMMON_BLOCKS = YES;
				GCC_WARN_64_TO_32_BIT_CONVERSION = YES;
				GCC_WARN_ABOUT_RETURN_TYPE = YES_ERROR;
				GCC_WARN_UNDECLARED_SELECTOR = YES;
				GCC_WARN_UNINITIALIZED_AUTOS = YES_AGGRESSIVE;
				GCC_WARN_UNUSED_FUNCTION = YES;
				GCC_WARN_UNUSED_VARIABLE = YES;
				IPHONEOS_DEPLOYMENT_TARGET = 15.0;
				MTL_ENABLE_DEBUG_INFO = NO;
				MTL_FAST_MATH = YES;
				SDKROOT = iphoneos;
				SWIFT_COMPILATION_MODE = wholemodule;
				SWIFT_OPTIMIZATION_LEVEL = "-O";
				VALIDATE_PRODUCT = YES;
			};
			name = PRO;
		};
		4613850627B846A800837EBC /* PRO */ = {
			isa = XCBuildConfiguration;
			buildSettings = {
				ASSETCATALOG_COMPILER_APPICON_NAME = AppIcon;
				ASSETCATALOG_COMPILER_GLOBAL_ACCENT_COLOR_NAME = AccentColor;
				CLANG_ENABLE_MODULES = YES;
				CODE_SIGN_IDENTITY = "Apple Development";
				CODE_SIGN_STYLE = Automatic;
				CURRENT_PROJECT_VERSION = 1;
				DEVELOPMENT_TEAM = "";
				GENERATE_INFOPLIST_FILE = YES;
				INFOPLIST_FILE = CiceMusic/Info.plist;
				INFOPLIST_KEY_UIApplicationSupportsIndirectInputEvents = YES;
				INFOPLIST_KEY_UILaunchStoryboardName = LaunchScreen;
				INFOPLIST_KEY_UISupportedInterfaceOrientations = UIInterfaceOrientationPortrait;
				INFOPLIST_KEY_UISupportedInterfaceOrientations_iPad = "UIInterfaceOrientationPortrait UIInterfaceOrientationPortraitUpsideDown UIInterfaceOrientationLandscapeLeft UIInterfaceOrientationLandscapeRight";
				INFOPLIST_KEY_UISupportedInterfaceOrientations_iPhone = "UIInterfaceOrientationPortrait UIInterfaceOrientationLandscapeLeft UIInterfaceOrientationLandscapeRight";
				LD_RUNPATH_SEARCH_PATHS = (
					"$(inherited)",
					"@executable_path/Frameworks",
				);
				MARKETING_VERSION = 1.0;
				PRODUCT_BUNDLE_IDENTIFIER = com.aidealvarado..CiceMusic;
				PRODUCT_NAME = "$(TARGET_NAME)";
				PROVISIONING_PROFILE_SPECIFIER = "";
				SWIFT_ACTIVE_COMPILATION_CONDITIONS = PRO;
				SWIFT_EMIT_LOC_STRINGS = YES;
				SWIFT_OBJC_BRIDGING_HEADER = "CiceMusic/MenuLateral/CiceMusic-Bridging-Header.h";
				SWIFT_VERSION = 5.0;
				TARGETED_DEVICE_FAMILY = 1;
			};
			name = PRO;
		};
/* End XCBuildConfiguration section */

/* Begin XCConfigurationList section */
		4613841727B03B7300837EBC /* Build configuration list for PBXProject "CiceMusic" */ = {
			isa = XCConfigurationList;
			buildConfigurations = (
				4613842E27B03B8600837EBC /* DEV */,
				4613842F27B03B8600837EBC /* PRE */,
				4613850527B846A800837EBC /* PRO */,
			);
			defaultConfigurationIsVisible = 0;
			defaultConfigurationName = DEV;
		};
		4613843027B03B8600837EBC /* Build configuration list for PBXNativeTarget "CiceMusic" */ = {
			isa = XCConfigurationList;
			buildConfigurations = (
				4613843127B03B8600837EBC /* DEV */,
				4613843227B03B8600837EBC /* PRE */,
				4613850627B846A800837EBC /* PRO */,
			);
			defaultConfigurationIsVisible = 0;
			defaultConfigurationName = DEV;
		};
/* End XCConfigurationList section */

/* Begin XCRemoteSwiftPackageReference section */
		461384D127B4496A00837EBC /* XCRemoteSwiftPackageReference "Kingfisher" */ = {
			isa = XCRemoteSwiftPackageReference;
			repositoryURL = "https://github.com/onevcat/Kingfisher.git";
			requirement = {
				kind = upToNextMajorVersion;
				minimumVersion = 7.0.0;
			};
		};
/* End XCRemoteSwiftPackageReference section */

/* Begin XCSwiftPackageProductDependency section */
		461384D227B4496A00837EBC /* Kingfisher */ = {
			isa = XCSwiftPackageProductDependency;
			package = 461384D127B4496A00837EBC /* XCRemoteSwiftPackageReference "Kingfisher" */;
			productName = Kingfisher;
		};
/* End XCSwiftPackageProductDependency section */
	};
	rootObject = 4613841427B03B7300837EBC /* Project object */;
}
