// !$*UTF8*$!
{
	archiveVersion = 1;
	classes = {
	};
	objectVersion = 55;
	objects = {

/* Begin PBXBuildFile section */
		46B0649F27A3361D00723736 /* AppDelegate.swift in Sources */ = {isa = PBXBuildFile; fileRef = 46B0649E27A3361D00723736 /* AppDelegate.swift */; };
		46B064A827A3362F00723736 /* Assets.xcassets in Resources */ = {isa = PBXBuildFile; fileRef = 46B064A727A3362F00723736 /* Assets.xcassets */; };
		46B064AB27A3362F00723736 /* LaunchScreen.storyboard in Resources */ = {isa = PBXBuildFile; fileRef = 46B064A927A3362F00723736 /* LaunchScreen.storyboard */; };
		46B064B427A3377100723736 /* AppCoreCoordinator.swift in Sources */ = {isa = PBXBuildFile; fileRef = 46B064B327A3377100723736 /* AppCoreCoordinator.swift */; };
		46B064B927A33A2500723736 /* RegistroViewController.swift in Sources */ = {isa = PBXBuildFile; fileRef = 46B064B727A33A2500723736 /* RegistroViewController.swift */; };
		46B064BA27A33A2500723736 /* RegistroViewController.xib in Resources */ = {isa = PBXBuildFile; fileRef = 46B064B827A33A2500723736 /* RegistroViewController.xib */; };
		46B064BC27A33A4300723736 /* RegistroCoordinator.swift in Sources */ = {isa = PBXBuildFile; fileRef = 46B064BB27A33A4300723736 /* RegistroCoordinator.swift */; };
		46B064BF27A4601200723736 /* Utils.swift in Sources */ = {isa = PBXBuildFile; fileRef = 46B064BE27A4601200723736 /* Utils.swift */; };
		46B064C327A4773400723736 /* HomeViewController.swift in Sources */ = {isa = PBXBuildFile; fileRef = 46B064C127A4773400723736 /* HomeViewController.swift */; };
		46B064C427A4773500723736 /* HomeViewController.xib in Resources */ = {isa = PBXBuildFile; fileRef = 46B064C227A4773400723736 /* HomeViewController.xib */; };
		46B064C827A4778400723736 /* ListaPostsViewController.swift in Sources */ = {isa = PBXBuildFile; fileRef = 46B064C627A4778400723736 /* ListaPostsViewController.swift */; };
		46B064C927A4778400723736 /* ListaPostsViewController.xib in Resources */ = {isa = PBXBuildFile; fileRef = 46B064C727A4778400723736 /* ListaPostsViewController.xib */; };
		46B064CC27A477C000723736 /* ListaCochesViewController.swift in Sources */ = {isa = PBXBuildFile; fileRef = 46B064CB27A477C000723736 /* ListaCochesViewController.swift */; };
		46B064CE27A4780600723736 /* ListaCochesViewController.xib in Resources */ = {isa = PBXBuildFile; fileRef = 46B064CD27A4780600723736 /* ListaCochesViewController.xib */; };
		46B064D027A4788700723736 /* ListaCochesCoordinator.swift in Sources */ = {isa = PBXBuildFile; fileRef = 46B064CF27A4788700723736 /* ListaCochesCoordinator.swift */; };
		46B064D227A4794500723736 /* ListaPostsCoordinator.swift in Sources */ = {isa = PBXBuildFile; fileRef = 46B064D127A4794500723736 /* ListaPostsCoordinator.swift */; };
		46B064D427A479EE00723736 /* HomeViewCoordinator.swift in Sources */ = {isa = PBXBuildFile; fileRef = 46B064D327A479EE00723736 /* HomeViewCoordinator.swift */; };
/* End PBXBuildFile section */

/* Begin PBXFileReference section */
		46B0649B27A3361D00723736 /* MiUserDefault.app */ = {isa = PBXFileReference; explicitFileType = wrapper.application; includeInIndex = 0; path = MiUserDefault.app; sourceTree = BUILT_PRODUCTS_DIR; };
		46B0649E27A3361D00723736 /* AppDelegate.swift */ = {isa = PBXFileReference; lastKnownFileType = sourcecode.swift; path = AppDelegate.swift; sourceTree = "<group>"; };
		46B064A727A3362F00723736 /* Assets.xcassets */ = {isa = PBXFileReference; lastKnownFileType = folder.assetcatalog; path = Assets.xcassets; sourceTree = "<group>"; };
		46B064AA27A3362F00723736 /* Base */ = {isa = PBXFileReference; lastKnownFileType = file.storyboard; name = Base; path = Base.lproj/LaunchScreen.storyboard; sourceTree = "<group>"; };
		46B064AC27A3363000723736 /* Info.plist */ = {isa = PBXFileReference; lastKnownFileType = text.plist.xml; path = Info.plist; sourceTree = "<group>"; };
		46B064B327A3377100723736 /* AppCoreCoordinator.swift */ = {isa = PBXFileReference; lastKnownFileType = sourcecode.swift; path = AppCoreCoordinator.swift; sourceTree = "<group>"; };
		46B064B727A33A2500723736 /* RegistroViewController.swift */ = {isa = PBXFileReference; lastKnownFileType = sourcecode.swift; path = RegistroViewController.swift; sourceTree = "<group>"; };
		46B064B827A33A2500723736 /* RegistroViewController.xib */ = {isa = PBXFileReference; lastKnownFileType = file.xib; path = RegistroViewController.xib; sourceTree = "<group>"; };
		46B064BB27A33A4300723736 /* RegistroCoordinator.swift */ = {isa = PBXFileReference; lastKnownFileType = sourcecode.swift; path = RegistroCoordinator.swift; sourceTree = "<group>"; };
		46B064BE27A4601200723736 /* Utils.swift */ = {isa = PBXFileReference; lastKnownFileType = sourcecode.swift; path = Utils.swift; sourceTree = "<group>"; };
		46B064C127A4773400723736 /* HomeViewController.swift */ = {isa = PBXFileReference; lastKnownFileType = sourcecode.swift; path = HomeViewController.swift; sourceTree = "<group>"; };
		46B064C227A4773400723736 /* HomeViewController.xib */ = {isa = PBXFileReference; lastKnownFileType = file.xib; path = HomeViewController.xib; sourceTree = "<group>"; };
		46B064C627A4778400723736 /* ListaPostsViewController.swift */ = {isa = PBXFileReference; lastKnownFileType = sourcecode.swift; path = ListaPostsViewController.swift; sourceTree = "<group>"; };
		46B064C727A4778400723736 /* ListaPostsViewController.xib */ = {isa = PBXFileReference; lastKnownFileType = file.xib; path = ListaPostsViewController.xib; sourceTree = "<group>"; };
		46B064CB27A477C000723736 /* ListaCochesViewController.swift */ = {isa = PBXFileReference; lastKnownFileType = sourcecode.swift; path = ListaCochesViewController.swift; sourceTree = "<group>"; };
		46B064CD27A4780600723736 /* ListaCochesViewController.xib */ = {isa = PBXFileReference; lastKnownFileType = file.xib; path = ListaCochesViewController.xib; sourceTree = "<group>"; };
		46B064CF27A4788700723736 /* ListaCochesCoordinator.swift */ = {isa = PBXFileReference; lastKnownFileType = sourcecode.swift; path = ListaCochesCoordinator.swift; sourceTree = "<group>"; };
		46B064D127A4794500723736 /* ListaPostsCoordinator.swift */ = {isa = PBXFileReference; lastKnownFileType = sourcecode.swift; path = ListaPostsCoordinator.swift; sourceTree = "<group>"; };
		46B064D327A479EE00723736 /* HomeViewCoordinator.swift */ = {isa = PBXFileReference; lastKnownFileType = sourcecode.swift; path = HomeViewCoordinator.swift; sourceTree = "<group>"; };
/* End PBXFileReference section */

/* Begin PBXFrameworksBuildPhase section */
		46B0649827A3361D00723736 /* Frameworks */ = {
			isa = PBXFrameworksBuildPhase;
			buildActionMask = 2147483647;
			files = (
			);
			runOnlyForDeploymentPostprocessing = 0;
		};
/* End PBXFrameworksBuildPhase section */

/* Begin PBXGroup section */
		46B0649227A3361D00723736 = {
			isa = PBXGroup;
			children = (
				46B0649D27A3361D00723736 /* MiUserDefault */,
				46B0649C27A3361D00723736 /* Products */,
			);
			sourceTree = "<group>";
		};
		46B0649C27A3361D00723736 /* Products */ = {
			isa = PBXGroup;
			children = (
				46B0649B27A3361D00723736 /* MiUserDefault.app */,
			);
			name = Products;
			sourceTree = "<group>";
		};
		46B0649D27A3361D00723736 /* MiUserDefault */ = {
			isa = PBXGroup;
			children = (
				46B064BD27A45F5800723736 /* Utils+Helpers */,
				46B064B527A339E800723736 /* Sources */,
				46B064B227A3374700723736 /* CoreApp */,
				46B064A727A3362F00723736 /* Assets.xcassets */,
				46B064A927A3362F00723736 /* LaunchScreen.storyboard */,
				46B064AC27A3363000723736 /* Info.plist */,
			);
			path = MiUserDefault;
			sourceTree = "<group>";
		};
		46B064B227A3374700723736 /* CoreApp */ = {
			isa = PBXGroup;
			children = (
				46B0649E27A3361D00723736 /* AppDelegate.swift */,
				46B064B327A3377100723736 /* AppCoreCoordinator.swift */,
			);
			path = CoreApp;
			sourceTree = "<group>";
		};
		46B064B527A339E800723736 /* Sources */ = {
			isa = PBXGroup;
			children = (
				46B064CA27A4778A00723736 /* ListaCocheView */,
				46B064C527A4773E00723736 /* ListaPostView */,
				46B064C027A476DA00723736 /* HomeView */,
				46B064B627A339F500723736 /* RegistroView */,
			);
			path = Sources;
			sourceTree = "<group>";
		};
		46B064B627A339F500723736 /* RegistroView */ = {
			isa = PBXGroup;
			children = (
				46B064B727A33A2500723736 /* RegistroViewController.swift */,
				46B064B827A33A2500723736 /* RegistroViewController.xib */,
				46B064BB27A33A4300723736 /* RegistroCoordinator.swift */,
			);
			path = RegistroView;
			sourceTree = "<group>";
		};
		46B064BD27A45F5800723736 /* Utils+Helpers */ = {
			isa = PBXGroup;
			children = (
				46B064BE27A4601200723736 /* Utils.swift */,
			);
			path = "Utils+Helpers";
			sourceTree = "<group>";
		};
		46B064C027A476DA00723736 /* HomeView */ = {
			isa = PBXGroup;
			children = (
				46B064C127A4773400723736 /* HomeViewController.swift */,
				46B064C227A4773400723736 /* HomeViewController.xib */,
				46B064D327A479EE00723736 /* HomeViewCoordinator.swift */,
			);
			path = HomeView;
			sourceTree = "<group>";
		};
		46B064C527A4773E00723736 /* ListaPostView */ = {
			isa = PBXGroup;
			children = (
				46B064C627A4778400723736 /* ListaPostsViewController.swift */,
				46B064C727A4778400723736 /* ListaPostsViewController.xib */,
				46B064D127A4794500723736 /* ListaPostsCoordinator.swift */,
			);
			path = ListaPostView;
			sourceTree = "<group>";
		};
		46B064CA27A4778A00723736 /* ListaCocheView */ = {
			isa = PBXGroup;
			children = (
				46B064CB27A477C000723736 /* ListaCochesViewController.swift */,
				46B064CD27A4780600723736 /* ListaCochesViewController.xib */,
				46B064CF27A4788700723736 /* ListaCochesCoordinator.swift */,
			);
			path = ListaCocheView;
			sourceTree = "<group>";
		};
/* End PBXGroup section */

/* Begin PBXNativeTarget section */
		46B0649A27A3361D00723736 /* MiUserDefault */ = {
			isa = PBXNativeTarget;
			buildConfigurationList = 46B064AF27A3363000723736 /* Build configuration list for PBXNativeTarget "MiUserDefault" */;
			buildPhases = (
				46B0649727A3361D00723736 /* Sources */,
				46B0649827A3361D00723736 /* Frameworks */,
				46B0649927A3361D00723736 /* Resources */,
			);
			buildRules = (
			);
			dependencies = (
			);
			name = MiUserDefault;
			productName = MiUserDefault;
			productReference = 46B0649B27A3361D00723736 /* MiUserDefault.app */;
			productType = "com.apple.product-type.application";
		};
/* End PBXNativeTarget section */

/* Begin PBXProject section */
		46B0649327A3361D00723736 /* Project object */ = {
			isa = PBXProject;
			attributes = {
				BuildIndependentTargetsInParallel = 1;
				LastSwiftUpdateCheck = 1300;
				LastUpgradeCheck = 1300;
				TargetAttributes = {
					46B0649A27A3361D00723736 = {
						CreatedOnToolsVersion = 13.0;
					};
				};
			};
			buildConfigurationList = 46B0649627A3361D00723736 /* Build configuration list for PBXProject "MiUserDefault" */;
			compatibilityVersion = "Xcode 13.0";
			developmentRegion = en;
			hasScannedForEncodings = 0;
			knownRegions = (
				en,
				Base,
			);
			mainGroup = 46B0649227A3361D00723736;
			productRefGroup = 46B0649C27A3361D00723736 /* Products */;
			projectDirPath = "";
			projectRoot = "";
			targets = (
				46B0649A27A3361D00723736 /* MiUserDefault */,
			);
		};
/* End PBXProject section */

/* Begin PBXResourcesBuildPhase section */
		46B0649927A3361D00723736 /* Resources */ = {
			isa = PBXResourcesBuildPhase;
			buildActionMask = 2147483647;
			files = (
				46B064C927A4778400723736 /* ListaPostsViewController.xib in Resources */,
				46B064CE27A4780600723736 /* ListaCochesViewController.xib in Resources */,
				46B064BA27A33A2500723736 /* RegistroViewController.xib in Resources */,
				46B064AB27A3362F00723736 /* LaunchScreen.storyboard in Resources */,
				46B064A827A3362F00723736 /* Assets.xcassets in Resources */,
				46B064C427A4773500723736 /* HomeViewController.xib in Resources */,
			);
			runOnlyForDeploymentPostprocessing = 0;
		};
/* End PBXResourcesBuildPhase section */

/* Begin PBXSourcesBuildPhase section */
		46B0649727A3361D00723736 /* Sources */ = {
			isa = PBXSourcesBuildPhase;
			buildActionMask = 2147483647;
			files = (
				46B064BF27A4601200723736 /* Utils.swift in Sources */,
				46B0649F27A3361D00723736 /* AppDelegate.swift in Sources */,
				46B064D027A4788700723736 /* ListaCochesCoordinator.swift in Sources */,
				46B064B927A33A2500723736 /* RegistroViewController.swift in Sources */,
				46B064D227A4794500723736 /* ListaPostsCoordinator.swift in Sources */,
				46B064D427A479EE00723736 /* HomeViewCoordinator.swift in Sources */,
				46B064CC27A477C000723736 /* ListaCochesViewController.swift in Sources */,
				46B064B427A3377100723736 /* AppCoreCoordinator.swift in Sources */,
				46B064BC27A33A4300723736 /* RegistroCoordinator.swift in Sources */,
				46B064C327A4773400723736 /* HomeViewController.swift in Sources */,
				46B064C827A4778400723736 /* ListaPostsViewController.swift in Sources */,
			);
			runOnlyForDeploymentPostprocessing = 0;
		};
/* End PBXSourcesBuildPhase section */

/* Begin PBXVariantGroup section */
		46B064A927A3362F00723736 /* LaunchScreen.storyboard */ = {
			isa = PBXVariantGroup;
			children = (
				46B064AA27A3362F00723736 /* Base */,
			);
			name = LaunchScreen.storyboard;
			sourceTree = "<group>";
		};
/* End PBXVariantGroup section */

/* Begin XCBuildConfiguration section */
		46B064AD27A3363000723736 /* Debug */ = {
			isa = XCBuildConfiguration;
			buildSettings = {
				ALWAYS_SEARCH_USER_PATHS = NO;
				CLANG_ANALYZER_NONNULL = YES;
				CLANG_ANALYZER_NUMBER_OBJECT_CONVERSION = YES_AGGRESSIVE;
				CLANG_CXX_LANGUAGE_STANDARD = "gnu++17";
				CLANG_CXX_LIBRARY = "libc++";
				CLANG_ENABLE_MODULES = YES;
				CLANG_ENABLE_OBJC_ARC = YES;
				CLANG_ENABLE_OBJC_WEAK = YES;
				CLANG_WARN_BLOCK_CAPTURE_AUTORELEASING = YES;
				CLANG_WARN_BOOL_CONVERSION = YES;
				CLANG_WARN_COMMA = YES;
				CLANG_WARN_CONSTANT_CONVERSION = YES;
				CLANG_WARN_DEPRECATED_OBJC_IMPLEMENTATIONS = YES;
				CLANG_WARN_DIRECT_OBJC_ISA_USAGE = YES_ERROR;
				CLANG_WARN_DOCUMENTATION_COMMENTS = YES;
				CLANG_WARN_EMPTY_BODY = YES;
				CLANG_WARN_ENUM_CONVERSION = YES;
				CLANG_WARN_INFINITE_RECURSION = YES;
				CLANG_WARN_INT_CONVERSION = YES;
				CLANG_WARN_NON_LITERAL_NULL_CONVERSION = YES;
				CLANG_WARN_OBJC_IMPLICIT_RETAIN_SELF = YES;
				CLANG_WARN_OBJC_LITERAL_CONVERSION = YES;
				CLANG_WARN_OBJC_ROOT_CLASS = YES_ERROR;
				CLANG_WARN_QUOTED_INCLUDE_IN_FRAMEWORK_HEADER = YES;
				CLANG_WARN_RANGE_LOOP_ANALYSIS = YES;
				CLANG_WARN_STRICT_PROTOTYPES = YES;
				CLANG_WARN_SUSPICIOUS_MOVE = YES;
				CLANG_WARN_UNGUARDED_AVAILABILITY = YES_AGGRESSIVE;
				CLANG_WARN_UNREACHABLE_CODE = YES;
				CLANG_WARN__DUPLICATE_METHOD_MATCH = YES;
				COPY_PHASE_STRIP = NO;
				DEBUG_INFORMATION_FORMAT = dwarf;
				ENABLE_STRICT_OBJC_MSGSEND = YES;
				ENABLE_TESTABILITY = YES;
				GCC_C_LANGUAGE_STANDARD = gnu11;
				GCC_DYNAMIC_NO_PIC = NO;
				GCC_NO_COMMON_BLOCKS = YES;
				GCC_OPTIMIZATION_LEVEL = 0;
				GCC_PREPROCESSOR_DEFINITIONS = (
					"DEBUG=1",
					"$(inherited)",
				);
				GCC_WARN_64_TO_32_BIT_CONVERSION = YES;
				GCC_WARN_ABOUT_RETURN_TYPE = YES_ERROR;
				GCC_WARN_UNDECLARED_SELECTOR = YES;
				GCC_WARN_UNINITIALIZED_AUTOS = YES_AGGRESSIVE;
				GCC_WARN_UNUSED_FUNCTION = YES;
				GCC_WARN_UNUSED_VARIABLE = YES;
				IPHONEOS_DEPLOYMENT_TARGET = 15.0;
				MTL_ENABLE_DEBUG_INFO = INCLUDE_SOURCE;
				MTL_FAST_MATH = YES;
				ONLY_ACTIVE_ARCH = YES;
				SDKROOT = iphoneos;
				SWIFT_ACTIVE_COMPILATION_CONDITIONS = DEBUG;
				SWIFT_OPTIMIZATION_LEVEL = "-Onone";
			};
			name = Debug;
		};
		46B064AE27A3363000723736 /* Release */ = {
			isa = XCBuildConfiguration;
			buildSettings = {
				ALWAYS_SEARCH_USER_PATHS = NO;
				CLANG_ANALYZER_NONNULL = YES;
				CLANG_ANALYZER_NUMBER_OBJECT_CONVERSION = YES_AGGRESSIVE;
				CLANG_CXX_LANGUAGE_STANDARD = "gnu++17";
				CLANG_CXX_LIBRARY = "libc++";
				CLANG_ENABLE_MODULES = YES;
				CLANG_ENABLE_OBJC_ARC = YES;
				CLANG_ENABLE_OBJC_WEAK = YES;
				CLANG_WARN_BLOCK_CAPTURE_AUTORELEASING = YES;
				CLANG_WARN_BOOL_CONVERSION = YES;
				CLANG_WARN_COMMA = YES;
				CLANG_WARN_CONSTANT_CONVERSION = YES;
				CLANG_WARN_DEPRECATED_OBJC_IMPLEMENTATIONS = YES;
				CLANG_WARN_DIRECT_OBJC_ISA_USAGE = YES_ERROR;
				CLANG_WARN_DOCUMENTATION_COMMENTS = YES;
				CLANG_WARN_EMPTY_BODY = YES;
				CLANG_WARN_ENUM_CONVERSION = YES;
				CLANG_WARN_INFINITE_RECURSION = YES;
				CLANG_WARN_INT_CONVERSION = YES;
				CLANG_WARN_NON_LITERAL_NULL_CONVERSION = YES;
				CLANG_WARN_OBJC_IMPLICIT_RETAIN_SELF = YES;
				CLANG_WARN_OBJC_LITERAL_CONVERSION = YES;
				CLANG_WARN_OBJC_ROOT_CLASS = YES_ERROR;
				CLANG_WARN_QUOTED_INCLUDE_IN_FRAMEWORK_HEADER = YES;
				CLANG_WARN_RANGE_LOOP_ANALYSIS = YES;
				CLANG_WARN_STRICT_PROTOTYPES = YES;
				CLANG_WARN_SUSPICIOUS_MOVE = YES;
				CLANG_WARN_UNGUARDED_AVAILABILITY = YES_AGGRESSIVE;
				CLANG_WARN_UNREACHABLE_CODE = YES;
				CLANG_WARN__DUPLICATE_METHOD_MATCH = YES;
				COPY_PHASE_STRIP = NO;
				DEBUG_INFORMATION_FORMAT = "dwarf-with-dsym";
				ENABLE_NS_ASSERTIONS = NO;
				ENABLE_STRICT_OBJC_MSGSEND = YES;
				GCC_C_LANGUAGE_STANDARD = gnu11;
				GCC_NO_COMMON_BLOCKS = YES;
				GCC_WARN_64_TO_32_BIT_CONVERSION = YES;
				GCC_WARN_ABOUT_RETURN_TYPE = YES_ERROR;
				GCC_WARN_UNDECLARED_SELECTOR = YES;
				GCC_WARN_UNINITIALIZED_AUTOS = YES_AGGRESSIVE;
				GCC_WARN_UNUSED_FUNCTION = YES;
				GCC_WARN_UNUSED_VARIABLE = YES;
				IPHONEOS_DEPLOYMENT_TARGET = 15.0;
				MTL_ENABLE_DEBUG_INFO = NO;
				MTL_FAST_MATH = YES;
				SDKROOT = iphoneos;
				SWIFT_COMPILATION_MODE = wholemodule;
				SWIFT_OPTIMIZATION_LEVEL = "-O";
				VALIDATE_PRODUCT = YES;
			};
			name = Release;
		};
		46B064B027A3363000723736 /* Debug */ = {
			isa = XCBuildConfiguration;
			buildSettings = {
				ASSETCATALOG_COMPILER_APPICON_NAME = AppIcon;
				ASSETCATALOG_COMPILER_GLOBAL_ACCENT_COLOR_NAME = AccentColor;
				CODE_SIGN_STYLE = Automatic;
				CURRENT_PROJECT_VERSION = 1;
				GENERATE_INFOPLIST_FILE = YES;
				INFOPLIST_FILE = MiUserDefault/Info.plist;
				INFOPLIST_KEY_UIApplicationSupportsIndirectInputEvents = YES;
				INFOPLIST_KEY_UILaunchStoryboardName = LaunchScreen;
				INFOPLIST_KEY_UISupportedInterfaceOrientations = UIInterfaceOrientationPortrait;
				INFOPLIST_KEY_UISupportedInterfaceOrientations_iPad = "UIInterfaceOrientationPortrait UIInterfaceOrientationPortraitUpsideDown UIInterfaceOrientationLandscapeLeft UIInterfaceOrientationLandscapeRight";
				INFOPLIST_KEY_UISupportedInterfaceOrientations_iPhone = "UIInterfaceOrientationPortrait UIInterfaceOrientationLandscapeLeft UIInterfaceOrientationLandscapeRight";
				LD_RUNPATH_SEARCH_PATHS = (
					"$(inherited)",
					"@executable_path/Frameworks",
				);
				MARKETING_VERSION = 1.0;
				PRODUCT_BUNDLE_IDENTIFIER = com.aidealvarado..MiUserDefault;
				PRODUCT_NAME = "$(TARGET_NAME)";
				SWIFT_EMIT_LOC_STRINGS = YES;
				SWIFT_VERSION = 5.0;
				TARGETED_DEVICE_FAMILY = 1;
			};
			name = Debug;
		};
		46B064B127A3363000723736 /* Release */ = {
			isa = XCBuildConfiguration;
			buildSettings = {
				ASSETCATALOG_COMPILER_APPICON_NAME = AppIcon;
				ASSETCATALOG_COMPILER_GLOBAL_ACCENT_COLOR_NAME = AccentColor;
				CODE_SIGN_STYLE = Automatic;
				CURRENT_PROJECT_VERSION = 1;
				GENERATE_INFOPLIST_FILE = YES;
				INFOPLIST_FILE = MiUserDefault/Info.plist;
				INFOPLIST_KEY_UIApplicationSupportsIndirectInputEvents = YES;
				INFOPLIST_KEY_UILaunchStoryboardName = LaunchScreen;
				INFOPLIST_KEY_UISupportedInterfaceOrientations = UIInterfaceOrientationPortrait;
				INFOPLIST_KEY_UISupportedInterfaceOrientations_iPad = "UIInterfaceOrientationPortrait UIInterfaceOrientationPortraitUpsideDown UIInterfaceOrientationLandscapeLeft UIInterfaceOrientationLandscapeRight";
				INFOPLIST_KEY_UISupportedInterfaceOrientations_iPhone = "UIInterfaceOrientationPortrait UIInterfaceOrientationLandscapeLeft UIInterfaceOrientationLandscapeRight";
				LD_RUNPATH_SEARCH_PATHS = (
					"$(inherited)",
					"@executable_path/Frameworks",
				);
				MARKETING_VERSION = 1.0;
				PRODUCT_BUNDLE_IDENTIFIER = com.aidealvarado..MiUserDefault;
				PRODUCT_NAME = "$(TARGET_NAME)";
				SWIFT_EMIT_LOC_STRINGS = YES;
				SWIFT_VERSION = 5.0;
				TARGETED_DEVICE_FAMILY = 1;
			};
			name = Release;
		};
/* End XCBuildConfiguration section */

/* Begin XCConfigurationList section */
		46B0649627A3361D00723736 /* Build configuration list for PBXProject "MiUserDefault" */ = {
			isa = XCConfigurationList;
			buildConfigurations = (
				46B064AD27A3363000723736 /* Debug */,
				46B064AE27A3363000723736 /* Release */,
			);
			defaultConfigurationIsVisible = 0;
			defaultConfigurationName = Release;
		};
		46B064AF27A3363000723736 /* Build configuration list for PBXNativeTarget "MiUserDefault" */ = {
			isa = XCConfigurationList;
			buildConfigurations = (
				46B064B027A3363000723736 /* Debug */,
				46B064B127A3363000723736 /* Release */,
			);
			defaultConfigurationIsVisible = 0;
			defaultConfigurationName = Release;
		};
/* End XCConfigurationList section */
	};
	rootObject = 46B0649327A3361D00723736 /* Project object */;
}
