// !$*UTF8*$!
{
	archiveVersion = 1;
	classes = {
	};
	objectVersion = 55;
	objects = {

/* Begin PBXBuildFile section */
		4637BFA4279B31C100E652FC /* AppDelegate.swift in Sources */ = {isa = PBXBuildFile; fileRef = 4637BFA3279B31C100E652FC /* AppDelegate.swift */; };
		4637BFA6279B31C100E652FC /* SceneDelegate.swift in Sources */ = {isa = PBXBuildFile; fileRef = 4637BFA5279B31C100E652FC /* SceneDelegate.swift */; };
		4637BFAB279B31C100E652FC /* Main.storyboard in Resources */ = {isa = PBXBuildFile; fileRef = 4637BFA9279B31C100E652FC /* Main.storyboard */; };
		4637BFAD279B31D000E652FC /* Assets.xcassets in Resources */ = {isa = PBXBuildFile; fileRef = 4637BFAC279B31D000E652FC /* Assets.xcassets */; };
		4637BFB0279B31D000E652FC /* LaunchScreen.storyboard in Resources */ = {isa = PBXBuildFile; fileRef = 4637BFAE279B31D000E652FC /* LaunchScreen.storyboard */; };
		4637BFBA279B334700E652FC /* PrimeraViewController.swift in Sources */ = {isa = PBXBuildFile; fileRef = 4637BFB9279B334700E652FC /* PrimeraViewController.swift */; };
		4637BFBC279B3EBF00E652FC /* SegundaViewController.swift in Sources */ = {isa = PBXBuildFile; fileRef = 4637BFBB279B3EBF00E652FC /* SegundaViewController.swift */; };
		4637BFBE279B3ECF00E652FC /* TerceraViewController.swift in Sources */ = {isa = PBXBuildFile; fileRef = 4637BFBD279B3ECF00E652FC /* TerceraViewController.swift */; };
		4637BFC0279B3EDC00E652FC /* CuartaViewController.swift in Sources */ = {isa = PBXBuildFile; fileRef = 4637BFBF279B3EDC00E652FC /* CuartaViewController.swift */; };
		4637BFC4279B44E300E652FC /* Utils.swift in Sources */ = {isa = PBXBuildFile; fileRef = 4637BFC3279B44E300E652FC /* Utils.swift */; };
/* End PBXBuildFile section */

/* Begin PBXFileReference section */
		4637BFA0279B31C100E652FC /* MiDataNavigation.app */ = {isa = PBXFileReference; explicitFileType = wrapper.application; includeInIndex = 0; path = MiDataNavigation.app; sourceTree = BUILT_PRODUCTS_DIR; };
		4637BFA3279B31C100E652FC /* AppDelegate.swift */ = {isa = PBXFileReference; lastKnownFileType = sourcecode.swift; path = AppDelegate.swift; sourceTree = "<group>"; };
		4637BFA5279B31C100E652FC /* SceneDelegate.swift */ = {isa = PBXFileReference; lastKnownFileType = sourcecode.swift; path = SceneDelegate.swift; sourceTree = "<group>"; };
		4637BFAA279B31C100E652FC /* Base */ = {isa = PBXFileReference; lastKnownFileType = file.storyboard; name = Base; path = Base.lproj/Main.storyboard; sourceTree = "<group>"; };
		4637BFAC279B31D000E652FC /* Assets.xcassets */ = {isa = PBXFileReference; lastKnownFileType = folder.assetcatalog; path = Assets.xcassets; sourceTree = "<group>"; };
		4637BFAF279B31D000E652FC /* Base */ = {isa = PBXFileReference; lastKnownFileType = file.storyboard; name = Base; path = Base.lproj/LaunchScreen.storyboard; sourceTree = "<group>"; };
		4637BFB1279B31D000E652FC /* Info.plist */ = {isa = PBXFileReference; lastKnownFileType = text.plist.xml; path = Info.plist; sourceTree = "<group>"; };
		4637BFB9279B334700E652FC /* PrimeraViewController.swift */ = {isa = PBXFileReference; lastKnownFileType = sourcecode.swift; path = PrimeraViewController.swift; sourceTree = "<group>"; };
		4637BFBB279B3EBF00E652FC /* SegundaViewController.swift */ = {isa = PBXFileReference; lastKnownFileType = sourcecode.swift; path = SegundaViewController.swift; sourceTree = "<group>"; };
		4637BFBD279B3ECF00E652FC /* TerceraViewController.swift */ = {isa = PBXFileReference; lastKnownFileType = sourcecode.swift; path = TerceraViewController.swift; sourceTree = "<group>"; };
		4637BFBF279B3EDC00E652FC /* CuartaViewController.swift */ = {isa = PBXFileReference; lastKnownFileType = sourcecode.swift; path = CuartaViewController.swift; sourceTree = "<group>"; };
		4637BFC3279B44E300E652FC /* Utils.swift */ = {isa = PBXFileReference; lastKnownFileType = sourcecode.swift; path = Utils.swift; sourceTree = "<group>"; };
/* End PBXFileReference section */

/* Begin PBXFrameworksBuildPhase section */
		4637BF9D279B31C100E652FC /* Frameworks */ = {
			isa = PBXFrameworksBuildPhase;
			buildActionMask = 2147483647;
			files = (
			);
			runOnlyForDeploymentPostprocessing = 0;
		};
/* End PBXFrameworksBuildPhase section */

/* Begin PBXGroup section */
		4637BF97279B31C100E652FC = {
			isa = PBXGroup;
			children = (
				4637BFA2279B31C100E652FC /* MiDataNavigation */,
				4637BFA1279B31C100E652FC /* Products */,
			);
			sourceTree = "<group>";
		};
		4637BFA1279B31C100E652FC /* Products */ = {
			isa = PBXGroup;
			children = (
				4637BFA0279B31C100E652FC /* MiDataNavigation.app */,
			);
			name = Products;
			sourceTree = "<group>";
		};
		4637BFA2279B31C100E652FC /* MiDataNavigation */ = {
			isa = PBXGroup;
			children = (
				4637BFC1279B442C00E652FC /* Utils+Helpers */,
				4637BFB8279B32D600E652FC /* Source */,
				4637BFB7279B32BE00E652FC /* CoreApp */,
				4637BFA9279B31C100E652FC /* Main.storyboard */,
				4637BFAC279B31D000E652FC /* Assets.xcassets */,
				4637BFAE279B31D000E652FC /* LaunchScreen.storyboard */,
				4637BFB1279B31D000E652FC /* Info.plist */,
			);
			path = MiDataNavigation;
			sourceTree = "<group>";
		};
		4637BFB7279B32BE00E652FC /* CoreApp */ = {
			isa = PBXGroup;
			children = (
				4637BFA3279B31C100E652FC /* AppDelegate.swift */,
				4637BFA5279B31C100E652FC /* SceneDelegate.swift */,
			);
			path = CoreApp;
			sourceTree = "<group>";
		};
		4637BFB8279B32D600E652FC /* Source */ = {
			isa = PBXGroup;
			children = (
				4637BFB9279B334700E652FC /* PrimeraViewController.swift */,
				4637BFBB279B3EBF00E652FC /* SegundaViewController.swift */,
				4637BFBD279B3ECF00E652FC /* TerceraViewController.swift */,
				4637BFBF279B3EDC00E652FC /* CuartaViewController.swift */,
			);
			path = Source;
			sourceTree = "<group>";
		};
		4637BFC1279B442C00E652FC /* Utils+Helpers */ = {
			isa = PBXGroup;
			children = (
				4637BFC3279B44E300E652FC /* Utils.swift */,
			);
			path = "Utils+Helpers";
			sourceTree = "<group>";
		};
/* End PBXGroup section */

/* Begin PBXNativeTarget section */
		4637BF9F279B31C100E652FC /* MiDataNavigation */ = {
			isa = PBXNativeTarget;
			buildConfigurationList = 4637BFB4279B31D000E652FC /* Build configuration list for PBXNativeTarget "MiDataNavigation" */;
			buildPhases = (
				4637BF9C279B31C100E652FC /* Sources */,
				4637BF9D279B31C100E652FC /* Frameworks */,
				4637BF9E279B31C100E652FC /* Resources */,
			);
			buildRules = (
			);
			dependencies = (
			);
			name = MiDataNavigation;
			productName = MiDataNavigation;
			productReference = 4637BFA0279B31C100E652FC /* MiDataNavigation.app */;
			productType = "com.apple.product-type.application";
		};
/* End PBXNativeTarget section */

/* Begin PBXProject section */
		4637BF98279B31C100E652FC /* Project object */ = {
			isa = PBXProject;
			attributes = {
				BuildIndependentTargetsInParallel = 1;
				LastSwiftUpdateCheck = 1300;
				LastUpgradeCheck = 1300;
				TargetAttributes = {
					4637BF9F279B31C100E652FC = {
						CreatedOnToolsVersion = 13.0;
					};
				};
			};
			buildConfigurationList = 4637BF9B279B31C100E652FC /* Build configuration list for PBXProject "MiDataNavigation" */;
			compatibilityVersion = "Xcode 13.0";
			developmentRegion = en;
			hasScannedForEncodings = 0;
			knownRegions = (
				en,
				Base,
			);
			mainGroup = 4637BF97279B31C100E652FC;
			productRefGroup = 4637BFA1279B31C100E652FC /* Products */;
			projectDirPath = "";
			projectRoot = "";
			targets = (
				4637BF9F279B31C100E652FC /* MiDataNavigation */,
			);
		};
/* End PBXProject section */

/* Begin PBXResourcesBuildPhase section */
		4637BF9E279B31C100E652FC /* Resources */ = {
			isa = PBXResourcesBuildPhase;
			buildActionMask = 2147483647;
			files = (
				4637BFB0279B31D000E652FC /* LaunchScreen.storyboard in Resources */,
				4637BFAD279B31D000E652FC /* Assets.xcassets in Resources */,
				4637BFAB279B31C100E652FC /* Main.storyboard in Resources */,
			);
			runOnlyForDeploymentPostprocessing = 0;
		};
/* End PBXResourcesBuildPhase section */

/* Begin PBXSourcesBuildPhase section */
		4637BF9C279B31C100E652FC /* Sources */ = {
			isa = PBXSourcesBuildPhase;
			buildActionMask = 2147483647;
			files = (
				4637BFBE279B3ECF00E652FC /* TerceraViewController.swift in Sources */,
				4637BFBC279B3EBF00E652FC /* SegundaViewController.swift in Sources */,
				4637BFC0279B3EDC00E652FC /* CuartaViewController.swift in Sources */,
				4637BFC4279B44E300E652FC /* Utils.swift in Sources */,
				4637BFBA279B334700E652FC /* PrimeraViewController.swift in Sources */,
				4637BFA4279B31C100E652FC /* AppDelegate.swift in Sources */,
				4637BFA6279B31C100E652FC /* SceneDelegate.swift in Sources */,
			);
			runOnlyForDeploymentPostprocessing = 0;
		};
/* End PBXSourcesBuildPhase section */

/* Begin PBXVariantGroup section */
		4637BFA9279B31C100E652FC /* Main.storyboard */ = {
			isa = PBXVariantGroup;
			children = (
				4637BFAA279B31C100E652FC /* Base */,
			);
			name = Main.storyboard;
			sourceTree = "<group>";
		};
		4637BFAE279B31D000E652FC /* LaunchScreen.storyboard */ = {
			isa = PBXVariantGroup;
			children = (
				4637BFAF279B31D000E652FC /* Base */,
			);
			name = LaunchScreen.storyboard;
			sourceTree = "<group>";
		};
/* End PBXVariantGroup section */

/* Begin XCBuildConfiguration section */
		4637BFB2279B31D000E652FC /* Debug */ = {
			isa = XCBuildConfiguration;
			buildSettings = {
				ALWAYS_SEARCH_USER_PATHS = NO;
				CLANG_ANALYZER_NONNULL = YES;
				CLANG_ANALYZER_NUMBER_OBJECT_CONVERSION = YES_AGGRESSIVE;
				CLANG_CXX_LANGUAGE_STANDARD = "gnu++17";
				CLANG_CXX_LIBRARY = "libc++";
				CLANG_ENABLE_MODULES = YES;
				CLANG_ENABLE_OBJC_ARC = YES;
				CLANG_ENABLE_OBJC_WEAK = YES;
				CLANG_WARN_BLOCK_CAPTURE_AUTORELEASING = YES;
				CLANG_WARN_BOOL_CONVERSION = YES;
				CLANG_WARN_COMMA = YES;
				CLANG_WARN_CONSTANT_CONVERSION = YES;
				CLANG_WARN_DEPRECATED_OBJC_IMPLEMENTATIONS = YES;
				CLANG_WARN_DIRECT_OBJC_ISA_USAGE = YES_ERROR;
				CLANG_WARN_DOCUMENTATION_COMMENTS = YES;
				CLANG_WARN_EMPTY_BODY = YES;
				CLANG_WARN_ENUM_CONVERSION = YES;
				CLANG_WARN_INFINITE_RECURSION = YES;
				CLANG_WARN_INT_CONVERSION = YES;
				CLANG_WARN_NON_LITERAL_NULL_CONVERSION = YES;
				CLANG_WARN_OBJC_IMPLICIT_RETAIN_SELF = YES;
				CLANG_WARN_OBJC_LITERAL_CONVERSION = YES;
				CLANG_WARN_OBJC_ROOT_CLASS = YES_ERROR;
				CLANG_WARN_QUOTED_INCLUDE_IN_FRAMEWORK_HEADER = YES;
				CLANG_WARN_RANGE_LOOP_ANALYSIS = YES;
				CLANG_WARN_STRICT_PROTOTYPES = YES;
				CLANG_WARN_SUSPICIOUS_MOVE = YES;
				CLANG_WARN_UNGUARDED_AVAILABILITY = YES_AGGRESSIVE;
				CLANG_WARN_UNREACHABLE_CODE = YES;
				CLANG_WARN__DUPLICATE_METHOD_MATCH = YES;
				COPY_PHASE_STRIP = NO;
				DEBUG_INFORMATION_FORMAT = dwarf;
				ENABLE_STRICT_OBJC_MSGSEND = YES;
				ENABLE_TESTABILITY = YES;
				GCC_C_LANGUAGE_STANDARD = gnu11;
				GCC_DYNAMIC_NO_PIC = NO;
				GCC_NO_COMMON_BLOCKS = YES;
				GCC_OPTIMIZATION_LEVEL = 0;
				GCC_PREPROCESSOR_DEFINITIONS = (
					"DEBUG=1",
					"$(inherited)",
				);
				GCC_WARN_64_TO_32_BIT_CONVERSION = YES;
				GCC_WARN_ABOUT_RETURN_TYPE = YES_ERROR;
				GCC_WARN_UNDECLARED_SELECTOR = YES;
				GCC_WARN_UNINITIALIZED_AUTOS = YES_AGGRESSIVE;
				GCC_WARN_UNUSED_FUNCTION = YES;
				GCC_WARN_UNUSED_VARIABLE = YES;
				IPHONEOS_DEPLOYMENT_TARGET = 15.0;
				MTL_ENABLE_DEBUG_INFO = INCLUDE_SOURCE;
				MTL_FAST_MATH = YES;
				ONLY_ACTIVE_ARCH = YES;
				SDKROOT = iphoneos;
				SWIFT_ACTIVE_COMPILATION_CONDITIONS = DEBUG;
				SWIFT_OPTIMIZATION_LEVEL = "-Onone";
			};
			name = Debug;
		};
		4637BFB3279B31D000E652FC /* Release */ = {
			isa = XCBuildConfiguration;
			buildSettings = {
				ALWAYS_SEARCH_USER_PATHS = NO;
				CLANG_ANALYZER_NONNULL = YES;
				CLANG_ANALYZER_NUMBER_OBJECT_CONVERSION = YES_AGGRESSIVE;
				CLANG_CXX_LANGUAGE_STANDARD = "gnu++17";
				CLANG_CXX_LIBRARY = "libc++";
				CLANG_ENABLE_MODULES = YES;
				CLANG_ENABLE_OBJC_ARC = YES;
				CLANG_ENABLE_OBJC_WEAK = YES;
				CLANG_WARN_BLOCK_CAPTURE_AUTORELEASING = YES;
				CLANG_WARN_BOOL_CONVERSION = YES;
				CLANG_WARN_COMMA = YES;
				CLANG_WARN_CONSTANT_CONVERSION = YES;
				CLANG_WARN_DEPRECATED_OBJC_IMPLEMENTATIONS = YES;
				CLANG_WARN_DIRECT_OBJC_ISA_USAGE = YES_ERROR;
				CLANG_WARN_DOCUMENTATION_COMMENTS = YES;
				CLANG_WARN_EMPTY_BODY = YES;
				CLANG_WARN_ENUM_CONVERSION = YES;
				CLANG_WARN_INFINITE_RECURSION = YES;
				CLANG_WARN_INT_CONVERSION = YES;
				CLANG_WARN_NON_LITERAL_NULL_CONVERSION = YES;
				CLANG_WARN_OBJC_IMPLICIT_RETAIN_SELF = YES;
				CLANG_WARN_OBJC_LITERAL_CONVERSION = YES;
				CLANG_WARN_OBJC_ROOT_CLASS = YES_ERROR;
				CLANG_WARN_QUOTED_INCLUDE_IN_FRAMEWORK_HEADER = YES;
				CLANG_WARN_RANGE_LOOP_ANALYSIS = YES;
				CLANG_WARN_STRICT_PROTOTYPES = YES;
				CLANG_WARN_SUSPICIOUS_MOVE = YES;
				CLANG_WARN_UNGUARDED_AVAILABILITY = YES_AGGRESSIVE;
				CLANG_WARN_UNREACHABLE_CODE = YES;
				CLANG_WARN__DUPLICATE_METHOD_MATCH = YES;
				COPY_PHASE_STRIP = NO;
				DEBUG_INFORMATION_FORMAT = "dwarf-with-dsym";
				ENABLE_NS_ASSERTIONS = NO;
				ENABLE_STRICT_OBJC_MSGSEND = YES;
				GCC_C_LANGUAGE_STANDARD = gnu11;
				GCC_NO_COMMON_BLOCKS = YES;
				GCC_WARN_64_TO_32_BIT_CONVERSION = YES;
				GCC_WARN_ABOUT_RETURN_TYPE = YES_ERROR;
				GCC_WARN_UNDECLARED_SELECTOR = YES;
				GCC_WARN_UNINITIALIZED_AUTOS = YES_AGGRESSIVE;
				GCC_WARN_UNUSED_FUNCTION = YES;
				GCC_WARN_UNUSED_VARIABLE = YES;
				IPHONEOS_DEPLOYMENT_TARGET = 15.0;
				MTL_ENABLE_DEBUG_INFO = NO;
				MTL_FAST_MATH = YES;
				SDKROOT = iphoneos;
				SWIFT_COMPILATION_MODE = wholemodule;
				SWIFT_OPTIMIZATION_LEVEL = "-O";
				VALIDATE_PRODUCT = YES;
			};
			name = Release;
		};
		4637BFB5279B31D000E652FC /* Debug */ = {
			isa = XCBuildConfiguration;
			buildSettings = {
				ASSETCATALOG_COMPILER_APPICON_NAME = AppIcon;
				ASSETCATALOG_COMPILER_GLOBAL_ACCENT_COLOR_NAME = AccentColor;
				CODE_SIGN_STYLE = Automatic;
				CURRENT_PROJECT_VERSION = 1;
				GENERATE_INFOPLIST_FILE = YES;
				INFOPLIST_FILE = MiDataNavigation/Info.plist;
				INFOPLIST_KEY_UIApplicationSupportsIndirectInputEvents = YES;
				INFOPLIST_KEY_UILaunchStoryboardName = LaunchScreen;
				INFOPLIST_KEY_UIMainStoryboardFile = Main;
				INFOPLIST_KEY_UISupportedInterfaceOrientations_iPad = "UIInterfaceOrientationPortrait UIInterfaceOrientationPortraitUpsideDown UIInterfaceOrientationLandscapeLeft UIInterfaceOrientationLandscapeRight";
				INFOPLIST_KEY_UISupportedInterfaceOrientations_iPhone = "UIInterfaceOrientationPortrait UIInterfaceOrientationLandscapeLeft UIInterfaceOrientationLandscapeRight";
				LD_RUNPATH_SEARCH_PATHS = (
					"$(inherited)",
					"@executable_path/Frameworks",
				);
				MARKETING_VERSION = 1.0;
				PRODUCT_BUNDLE_IDENTIFIER = com.aidealvarado..MiDataNavigation;
				PRODUCT_NAME = "$(TARGET_NAME)";
				SWIFT_EMIT_LOC_STRINGS = YES;
				SWIFT_VERSION = 5.0;
				TARGETED_DEVICE_FAMILY = 1;
			};
			name = Debug;
		};
		4637BFB6279B31D000E652FC /* Release */ = {
			isa = XCBuildConfiguration;
			buildSettings = {
				ASSETCATALOG_COMPILER_APPICON_NAME = AppIcon;
				ASSETCATALOG_COMPILER_GLOBAL_ACCENT_COLOR_NAME = AccentColor;
				CODE_SIGN_STYLE = Automatic;
				CURRENT_PROJECT_VERSION = 1;
				GENERATE_INFOPLIST_FILE = YES;
				INFOPLIST_FILE = MiDataNavigation/Info.plist;
				INFOPLIST_KEY_UIApplicationSupportsIndirectInputEvents = YES;
				INFOPLIST_KEY_UILaunchStoryboardName = LaunchScreen;
				INFOPLIST_KEY_UIMainStoryboardFile = Main;
				INFOPLIST_KEY_UISupportedInterfaceOrientations_iPad = "UIInterfaceOrientationPortrait UIInterfaceOrientationPortraitUpsideDown UIInterfaceOrientationLandscapeLeft UIInterfaceOrientationLandscapeRight";
				INFOPLIST_KEY_UISupportedInterfaceOrientations_iPhone = "UIInterfaceOrientationPortrait UIInterfaceOrientationLandscapeLeft UIInterfaceOrientationLandscapeRight";
				LD_RUNPATH_SEARCH_PATHS = (
					"$(inherited)",
					"@executable_path/Frameworks",
				);
				MARKETING_VERSION = 1.0;
				PRODUCT_BUNDLE_IDENTIFIER = com.aidealvarado..MiDataNavigation;
				PRODUCT_NAME = "$(TARGET_NAME)";
				SWIFT_EMIT_LOC_STRINGS = YES;
				SWIFT_VERSION = 5.0;
				TARGETED_DEVICE_FAMILY = 1;
			};
			name = Release;
		};
/* End XCBuildConfiguration section */

/* Begin XCConfigurationList section */
		4637BF9B279B31C100E652FC /* Build configuration list for PBXProject "MiDataNavigation" */ = {
			isa = XCConfigurationList;
			buildConfigurations = (
				4637BFB2279B31D000E652FC /* Debug */,
				4637BFB3279B31D000E652FC /* Release */,
			);
			defaultConfigurationIsVisible = 0;
			defaultConfigurationName = Release;
		};
		4637BFB4279B31D000E652FC /* Build configuration list for PBXNativeTarget "MiDataNavigation" */ = {
			isa = XCConfigurationList;
			buildConfigurations = (
				4637BFB5279B31D000E652FC /* Debug */,
				4637BFB6279B31D000E652FC /* Release */,
			);
			defaultConfigurationIsVisible = 0;
			defaultConfigurationName = Release;
		};
/* End XCConfigurationList section */
	};
	rootObject = 4637BF98279B31C100E652FC /* Project object */;
}
